// !$*UTF8*$!
{
	archiveVersion = 1;
	classes = {
	};
	objectVersion = 55;
	objects = {

/* Begin PBXBuildFile section */
		580A5A2A2755CC39007A7AA6 /* LegendView.swift in Sources */ = {isa = PBXBuildFile; fileRef = 580A5A292755CC39007A7AA6 /* LegendView.swift */; };
		580A5A2C2755CDB8007A7AA6 /* LegendModifier.swift in Sources */ = {isa = PBXBuildFile; fileRef = 580A5A2B2755CDB8007A7AA6 /* LegendModifier.swift */; };
		580A5A2E2755D238007A7AA6 /* LegendStyle.swift in Sources */ = {isa = PBXBuildFile; fileRef = 580A5A2D2755D238007A7AA6 /* LegendStyle.swift */; };
		580A5A30275615E1007A7AA6 /* PieSlice.swift in Sources */ = {isa = PBXBuildFile; fileRef = 580A5A2F275615E1007A7AA6 /* PieSlice.swift */; };
		580A5A322756173D007A7AA6 /* PieView.swift in Sources */ = {isa = PBXBuildFile; fileRef = 580A5A312756173D007A7AA6 /* PieView.swift */; };
		580A5A352756179D007A7AA6 /* ChartData5.json in Resources */ = {isa = PBXBuildFile; fileRef = 580A5A332756179D007A7AA6 /* ChartData5.json */; };
		580A5A39275627A9007A7AA6 /* DoughnutSlice.swift in Sources */ = {isa = PBXBuildFile; fileRef = 580A5A38275627A9007A7AA6 /* DoughnutSlice.swift */; };
		580A5A3A275627A9007A7AA6 /* DoughnutSlice.swift in Sources */ = {isa = PBXBuildFile; fileRef = 580A5A38275627A9007A7AA6 /* DoughnutSlice.swift */; };
		580FB637274255F8003B4AEC /* PrettyAxis.docc in Sources */ = {isa = PBXBuildFile; fileRef = 580FB636274255F8003B4AEC /* PrettyAxis.docc */; };
		580FB63D274255F8003B4AEC /* PrettyAxis.framework in Frameworks */ = {isa = PBXBuildFile; fileRef = 580FB632274255F8003B4AEC /* PrettyAxis.framework */; };
		580FB642274255F8003B4AEC /* PrettyAxisTests.swift in Sources */ = {isa = PBXBuildFile; fileRef = 580FB641274255F8003B4AEC /* PrettyAxisTests.swift */; };
		580FB643274255F8003B4AEC /* PrettyAxis.h in Headers */ = {isa = PBXBuildFile; fileRef = 580FB635274255F8003B4AEC /* PrettyAxis.h */; settings = {ATTRIBUTES = (Public, ); }; };
		580FB65327425629003B4AEC /* ExampleApp.swift in Sources */ = {isa = PBXBuildFile; fileRef = 580FB65227425629003B4AEC /* ExampleApp.swift */; };
		580FB65527425629003B4AEC /* ContentView.swift in Sources */ = {isa = PBXBuildFile; fileRef = 580FB65427425629003B4AEC /* ContentView.swift */; };
		580FB6572742562C003B4AEC /* Assets.xcassets in Resources */ = {isa = PBXBuildFile; fileRef = 580FB6562742562C003B4AEC /* Assets.xcassets */; };
		580FB65A2742562C003B4AEC /* Preview Assets.xcassets in Resources */ = {isa = PBXBuildFile; fileRef = 580FB6592742562C003B4AEC /* Preview Assets.xcassets */; };
		580FB6642742562C003B4AEC /* ExampleTests.swift in Sources */ = {isa = PBXBuildFile; fileRef = 580FB6632742562C003B4AEC /* ExampleTests.swift */; };
		580FB66E2742562C003B4AEC /* ExampleUITests.swift in Sources */ = {isa = PBXBuildFile; fileRef = 580FB66D2742562C003B4AEC /* ExampleUITests.swift */; };
		580FB6702742562C003B4AEC /* ExampleUITestsLaunchTests.swift in Sources */ = {isa = PBXBuildFile; fileRef = 580FB66F2742562C003B4AEC /* ExampleUITestsLaunchTests.swift */; };
		580FB67B27425644003B4AEC /* AxisView.swift in Sources */ = {isa = PBXBuildFile; fileRef = 580FB67A27425644003B4AEC /* AxisView.swift */; };
		580FB67F274256D0003B4AEC /* ReferenceLineView.swift in Sources */ = {isa = PBXBuildFile; fileRef = 580FB67E274256D0003B4AEC /* ReferenceLineView.swift */; };
		580FB682274262E0003B4AEC /* NumberFormatter.swift in Sources */ = {isa = PBXBuildFile; fileRef = 580FB681274262E0003B4AEC /* NumberFormatter.swift */; };
		580FB68427426325003B4AEC /* IntFormatter.swift in Sources */ = {isa = PBXBuildFile; fileRef = 580FB68327426325003B4AEC /* IntFormatter.swift */; };
		5815EC0F2786DECC0072ACE9 /* LegendView.swift in Sources */ = {isa = PBXBuildFile; fileRef = 580A5A292755CC39007A7AA6 /* LegendView.swift */; };
		5815EC102786DECC0072ACE9 /* LegendStyle.swift in Sources */ = {isa = PBXBuildFile; fileRef = 580A5A2D2755D238007A7AA6 /* LegendStyle.swift */; };
		5815EC112786DECF0072ACE9 /* LegendModifier.swift in Sources */ = {isa = PBXBuildFile; fileRef = 580A5A2B2755CDB8007A7AA6 /* LegendModifier.swift */; };
		5815EC122786DECF0072ACE9 /* ScrollableModifier.swift in Sources */ = {isa = PBXBuildFile; fileRef = 58AD9304274E4384001CB3B5 /* ScrollableModifier.swift */; };
		5815EC132786DED30072ACE9 /* MarkType.swift in Sources */ = {isa = PBXBuildFile; fileRef = 581C3AA6274B6C9700C2EA6B /* MarkType.swift */; };
		5815EC142786DED30072ACE9 /* Type.swift in Sources */ = {isa = PBXBuildFile; fileRef = 581C3AB3274B745700C2EA6B /* Type.swift */; };
		5815EC152786DED50072ACE9 /* AxisData.swift in Sources */ = {isa = PBXBuildFile; fileRef = 583BF48A2743514E00626C13 /* AxisData.swift */; };
		5815EC162786DED80072ACE9 /* CalendarGraphViewExtension.swift in Sources */ = {isa = PBXBuildFile; fileRef = 587114642761E24300455BA0 /* CalendarGraphViewExtension.swift */; };
		5815EC172786DED80072ACE9 /* CalendarGraphView.swift in Sources */ = {isa = PBXBuildFile; fileRef = 587114542761AD7F00455BA0 /* CalendarGraphView.swift */; };
		5815EC182786DED80072ACE9 /* CalendarGraphPlot.swift in Sources */ = {isa = PBXBuildFile; fileRef = 587114502761A71600455BA0 /* CalendarGraphPlot.swift */; };
		5815EC192786DED80072ACE9 /* CalendarGraphStyle.swift in Sources */ = {isa = PBXBuildFile; fileRef = 587114522761AC6600455BA0 /* CalendarGraphStyle.swift */; };
		5815EC1A2786DEDB0072ACE9 /* ScatterPlot.swift in Sources */ = {isa = PBXBuildFile; fileRef = 582E0DD82750836B009CC1FD /* ScatterPlot.swift */; };
		5815EC1B2786DEDB0072ACE9 /* ScatterView.swift in Sources */ = {isa = PBXBuildFile; fileRef = 582E0DDC2750AB61009CC1FD /* ScatterView.swift */; };
		5815EC1C2786DEDB0072ACE9 /* ScatterShape.swift in Sources */ = {isa = PBXBuildFile; fileRef = 582E0DDE2750ACD9009CC1FD /* ScatterShape.swift */; };
		5815EC1D2786DEDB0072ACE9 /* ScatterStyle.swift in Sources */ = {isa = PBXBuildFile; fileRef = 582E0DD627508344009CC1FD /* ScatterStyle.swift */; };
		5815EC1E2786DEDB0072ACE9 /* ScatterData.swift in Sources */ = {isa = PBXBuildFile; fileRef = 582E0DDA27508A0B009CC1FD /* ScatterData.swift */; };
		5815EC1F2786DEDB0072ACE9 /* ScatterExtension.swift in Sources */ = {isa = PBXBuildFile; fileRef = 58FB37642750C13A00963EB3 /* ScatterExtension.swift */; };
		5815EC202786DEDF0072ACE9 /* RadarStyle.swift in Sources */ = {isa = PBXBuildFile; fileRef = 58E08F27274F25380094E683 /* RadarStyle.swift */; };
		5815EC212786DEDF0072ACE9 /* RaderView.swift in Sources */ = {isa = PBXBuildFile; fileRef = 58E08F29274F2CFE0094E683 /* RaderView.swift */; };
		5815EC222786DEDF0072ACE9 /* RadarShap.swift in Sources */ = {isa = PBXBuildFile; fileRef = 58E08F2B274F2D100094E683 /* RadarShap.swift */; };
		5815EC232786DEDF0072ACE9 /* RadarPlot.swift in Sources */ = {isa = PBXBuildFile; fileRef = 58B32805274F1ECE0004B2C1 /* RadarPlot.swift */; };
		5815EC242786DEDF0072ACE9 /* RadarReferenceLine.swift in Sources */ = {isa = PBXBuildFile; fileRef = 58E08F30274F669D0094E683 /* RadarReferenceLine.swift */; };
		5815EC252786DEDF0072ACE9 /* RadarExtension.swift in Sources */ = {isa = PBXBuildFile; fileRef = 58E08F2D274F34F10094E683 /* RadarExtension.swift */; };
		5815EC262786DEE30072ACE9 /* PieView.swift in Sources */ = {isa = PBXBuildFile; fileRef = 580A5A312756173D007A7AA6 /* PieView.swift */; };
		5815EC272786DEE30072ACE9 /* PieSlice.swift in Sources */ = {isa = PBXBuildFile; fileRef = 580A5A2F275615E1007A7AA6 /* PieSlice.swift */; };
		5815EC282786DEE30072ACE9 /* PiePlot.swift in Sources */ = {isa = PBXBuildFile; fileRef = 58AD9301274E3D97001CB3B5 /* PiePlot.swift */; };
		5815EC292786DEE30072ACE9 /* PieExtension.swift in Sources */ = {isa = PBXBuildFile; fileRef = 58AE9FD9275712B200FB6257 /* PieExtension.swift */; };
		5815EC2A2786DEE30072ACE9 /* DoughnutSlice.swift in Sources */ = {isa = PBXBuildFile; fileRef = 580A5A38275627A9007A7AA6 /* DoughnutSlice.swift */; };
		5815EC2B2786DEE30072ACE9 /* PieStyle.swift in Sources */ = {isa = PBXBuildFile; fileRef = 58AD92FF274E3C9D001CB3B5 /* PieStyle.swift */; };
		5815EC2C2786DEE70072ACE9 /* LineMark.swift in Sources */ = {isa = PBXBuildFile; fileRef = 581C3AA0274B6BC400C2EA6B /* LineMark.swift */; };
		5815EC2D2786DEE70072ACE9 /* LineValue.swift in Sources */ = {isa = PBXBuildFile; fileRef = 581965E927858A46006F286C /* LineValue.swift */; };
		5815EC2E2786DEE70072ACE9 /* LineView.swift in Sources */ = {isa = PBXBuildFile; fileRef = 5842496927464FEC00679A22 /* LineView.swift */; };
		5815EC2F2786DEE70072ACE9 /* Line.swift in Sources */ = {isa = PBXBuildFile; fileRef = 584247462745E62F00679A22 /* Line.swift */; };
		5815EC302786DEE70072ACE9 /* LineStyle.swift in Sources */ = {isa = PBXBuildFile; fileRef = 5842496727464DA600679A22 /* LineStyle.swift */; };
		5815EC312786DEE70072ACE9 /* LinePlot.swift in Sources */ = {isa = PBXBuildFile; fileRef = 5842496B2746501300679A22 /* LinePlot.swift */; };
		5815EC322786DEE70072ACE9 /* LineExtension.swift in Sources */ = {isa = PBXBuildFile; fileRef = 5842496D27465B2000679A22 /* LineExtension.swift */; };
		5815EC332786DEEC0072ACE9 /* BarView.swift in Sources */ = {isa = PBXBuildFile; fileRef = 584B1EAD274494030031C776 /* BarView.swift */; };
		5815EC342786DEEC0072ACE9 /* Bar.swift in Sources */ = {isa = PBXBuildFile; fileRef = 585498B32743A5160053DAA2 /* Bar.swift */; };
		5815EC352786DEEC0072ACE9 /* BarStyle.swift in Sources */ = {isa = PBXBuildFile; fileRef = 584B1EB32744A5E60031C776 /* BarStyle.swift */; };
		5815EC362786DEEC0072ACE9 /* BarPlot.swift in Sources */ = {isa = PBXBuildFile; fileRef = 584B1EBC2744E7CF0031C776 /* BarPlot.swift */; };
		5815EC372786DEEC0072ACE9 /* Plot.swift in Sources */ = {isa = PBXBuildFile; fileRef = 584B1EBA2744E7780031C776 /* Plot.swift */; };
		5815EC382786DEEC0072ACE9 /* BarChartExtension.swift in Sources */ = {isa = PBXBuildFile; fileRef = 583BFD75274509D400AE4D97 /* BarChartExtension.swift */; };
		5815EC392786DEEF0072ACE9 /* NumberFormatter.swift in Sources */ = {isa = PBXBuildFile; fileRef = 580FB681274262E0003B4AEC /* NumberFormatter.swift */; };
		5815EC3A2786DEEF0072ACE9 /* IntFormatter.swift in Sources */ = {isa = PBXBuildFile; fileRef = 580FB68327426325003B4AEC /* IntFormatter.swift */; };
		5815EC3B2786DEF60072ACE9 /* AxisViewExtension.swift in Sources */ = {isa = PBXBuildFile; fileRef = 58B32807274F1F830004B2C1 /* AxisViewExtension.swift */; };
		5815EC3C2786DEF60072ACE9 /* ReferenceLineView.swift in Sources */ = {isa = PBXBuildFile; fileRef = 580FB67E274256D0003B4AEC /* ReferenceLineView.swift */; };
		5815EC3D2786DEF60072ACE9 /* AxisView.swift in Sources */ = {isa = PBXBuildFile; fileRef = 580FB67A27425644003B4AEC /* AxisView.swift */; };
		5815EC3E2786DEF60072ACE9 /* AxisStyle.swift in Sources */ = {isa = PBXBuildFile; fileRef = 584B1EB12744A3E40031C776 /* AxisStyle.swift */; };
		5815EC3F2786DEF60072ACE9 /* LabelStyle.swift in Sources */ = {isa = PBXBuildFile; fileRef = 58C68091274798A900519FA1 /* LabelStyle.swift */; };
		5815EC402786DEF60072ACE9 /* ReferenceLineStyle.swift in Sources */ = {isa = PBXBuildFile; fileRef = 584B1EB62744CEDE0031C776 /* ReferenceLineStyle.swift */; };
		5815EC412786DEF60072ACE9 /* ReferenceLineYAxisView.swift in Sources */ = {isa = PBXBuildFile; fileRef = 587114622761D74C00455BA0 /* ReferenceLineYAxisView.swift */; };
		5815EC422786DEF60072ACE9 /* Axisable.swift in Sources */ = {isa = PBXBuildFile; fileRef = 5873D2542754A56E00E2E9BC /* Axisable.swift */; };
		581965EA27858A46006F286C /* LineValue.swift in Sources */ = {isa = PBXBuildFile; fileRef = 581965E927858A46006F286C /* LineValue.swift */; };
		581C3AA1274B6BC400C2EA6B /* LineMark.swift in Sources */ = {isa = PBXBuildFile; fileRef = 581C3AA0274B6BC400C2EA6B /* LineMark.swift */; };
		581C3AA7274B6C9700C2EA6B /* MarkType.swift in Sources */ = {isa = PBXBuildFile; fileRef = 581C3AA6274B6C9700C2EA6B /* MarkType.swift */; };
		581C3AA8274B722F00C2EA6B /* ChartData.json in Resources */ = {isa = PBXBuildFile; fileRef = 583BF48E2743586500626C13 /* ChartData.json */; };
		581C3AAA274B723500C2EA6B /* PreviewData.swift in Sources */ = {isa = PBXBuildFile; fileRef = 583BF490274358F500626C13 /* PreviewData.swift */; };
		581C3AAB274B723500C2EA6B /* ChartData2.json in Resources */ = {isa = PBXBuildFile; fileRef = 58343AA327477A35007D685D /* ChartData2.json */; };
		581C3AAC274B723500C2EA6B /* TestChartData.swift in Sources */ = {isa = PBXBuildFile; fileRef = 583BF49227435A7900626C13 /* TestChartData.swift */; };
		581C3AAE274B727E00C2EA6B /* PrettyAxis.framework in Frameworks */ = {isa = PBXBuildFile; fileRef = 580FB632274255F8003B4AEC /* PrettyAxis.framework */; };
		581C3AAF274B727E00C2EA6B /* PrettyAxis.framework in Embed Frameworks */ = {isa = PBXBuildFile; fileRef = 580FB632274255F8003B4AEC /* PrettyAxis.framework */; settings = {ATTRIBUTES = (CodeSignOnCopy, RemoveHeadersOnCopy, ); }; };
		581C3AB4274B745700C2EA6B /* Type.swift in Sources */ = {isa = PBXBuildFile; fileRef = 581C3AB3274B745700C2EA6B /* Type.swift */; };
		582E0DD427507D1C009CC1FD /* ChartData4.json in Resources */ = {isa = PBXBuildFile; fileRef = 582E0DD327507D1C009CC1FD /* ChartData4.json */; };
		582E0DD727508344009CC1FD /* ScatterStyle.swift in Sources */ = {isa = PBXBuildFile; fileRef = 582E0DD627508344009CC1FD /* ScatterStyle.swift */; };
		582E0DD92750836B009CC1FD /* ScatterPlot.swift in Sources */ = {isa = PBXBuildFile; fileRef = 582E0DD82750836B009CC1FD /* ScatterPlot.swift */; };
		582E0DDB27508A0B009CC1FD /* ScatterData.swift in Sources */ = {isa = PBXBuildFile; fileRef = 582E0DDA27508A0B009CC1FD /* ScatterData.swift */; };
		582E0DDD2750AB61009CC1FD /* ScatterView.swift in Sources */ = {isa = PBXBuildFile; fileRef = 582E0DDC2750AB61009CC1FD /* ScatterView.swift */; };
		582E0DDF2750ACD9009CC1FD /* ScatterShape.swift in Sources */ = {isa = PBXBuildFile; fileRef = 582E0DDE2750ACD9009CC1FD /* ScatterShape.swift */; };
		583BF48B2743514E00626C13 /* AxisData.swift in Sources */ = {isa = PBXBuildFile; fileRef = 583BF48A2743514E00626C13 /* AxisData.swift */; };
		583BFD76274509D400AE4D97 /* BarChartExtension.swift in Sources */ = {isa = PBXBuildFile; fileRef = 583BFD75274509D400AE4D97 /* BarChartExtension.swift */; };
		584247472745E62F00679A22 /* Line.swift in Sources */ = {isa = PBXBuildFile; fileRef = 584247462745E62F00679A22 /* Line.swift */; };
		5842496827464DA600679A22 /* LineStyle.swift in Sources */ = {isa = PBXBuildFile; fileRef = 5842496727464DA600679A22 /* LineStyle.swift */; };
		5842496A27464FEC00679A22 /* LineView.swift in Sources */ = {isa = PBXBuildFile; fileRef = 5842496927464FEC00679A22 /* LineView.swift */; };
		5842496C2746501300679A22 /* LinePlot.swift in Sources */ = {isa = PBXBuildFile; fileRef = 5842496B2746501300679A22 /* LinePlot.swift */; };
		5842496E27465B2000679A22 /* LineExtension.swift in Sources */ = {isa = PBXBuildFile; fileRef = 5842496D27465B2000679A22 /* LineExtension.swift */; };
		584B1EAE274494030031C776 /* BarView.swift in Sources */ = {isa = PBXBuildFile; fileRef = 584B1EAD274494030031C776 /* BarView.swift */; };
		584B1EB22744A3E40031C776 /* AxisStyle.swift in Sources */ = {isa = PBXBuildFile; fileRef = 584B1EB12744A3E40031C776 /* AxisStyle.swift */; };
		584B1EB42744A5E60031C776 /* BarStyle.swift in Sources */ = {isa = PBXBuildFile; fileRef = 584B1EB32744A5E60031C776 /* BarStyle.swift */; };
		584B1EB72744CEDE0031C776 /* ReferenceLineStyle.swift in Sources */ = {isa = PBXBuildFile; fileRef = 584B1EB62744CEDE0031C776 /* ReferenceLineStyle.swift */; };
		584B1EBB2744E7790031C776 /* Plot.swift in Sources */ = {isa = PBXBuildFile; fileRef = 584B1EBA2744E7780031C776 /* Plot.swift */; };
		584B1EBD2744E7CF0031C776 /* BarPlot.swift in Sources */ = {isa = PBXBuildFile; fileRef = 584B1EBC2744E7CF0031C776 /* BarPlot.swift */; };
		585498B42743A5160053DAA2 /* Bar.swift in Sources */ = {isa = PBXBuildFile; fileRef = 585498B32743A5160053DAA2 /* Bar.swift */; };
		5864337F275DAA4900CDBA35 /* SigngleView.swift in Sources */ = {isa = PBXBuildFile; fileRef = 5864337E275DAA4900CDBA35 /* SigngleView.swift */; };
		587114512761A71600455BA0 /* CalendarGraphPlot.swift in Sources */ = {isa = PBXBuildFile; fileRef = 587114502761A71600455BA0 /* CalendarGraphPlot.swift */; };
		587114532761AC6600455BA0 /* CalendarGraphStyle.swift in Sources */ = {isa = PBXBuildFile; fileRef = 587114522761AC6600455BA0 /* CalendarGraphStyle.swift */; };
		587114552761AD7F00455BA0 /* CalendarGraphView.swift in Sources */ = {isa = PBXBuildFile; fileRef = 587114542761AD7F00455BA0 /* CalendarGraphView.swift */; };
		5871145F2761CF1F00455BA0 /* ChartData6.json in Resources */ = {isa = PBXBuildFile; fileRef = 587114562761BEC700455BA0 /* ChartData6.json */; };
		587114632761D74C00455BA0 /* ReferenceLineYAxisView.swift in Sources */ = {isa = PBXBuildFile; fileRef = 587114622761D74C00455BA0 /* ReferenceLineYAxisView.swift */; };
		587114652761E24300455BA0 /* CalendarGraphViewExtension.swift in Sources */ = {isa = PBXBuildFile; fileRef = 587114642761E24300455BA0 /* CalendarGraphViewExtension.swift */; };
		5873D2552754A56E00E2E9BC /* Axisable.swift in Sources */ = {isa = PBXBuildFile; fileRef = 5873D2542754A56E00E2E9BC /* Axisable.swift */; };
		58AD9300274E3C9D001CB3B5 /* PieStyle.swift in Sources */ = {isa = PBXBuildFile; fileRef = 58AD92FF274E3C9D001CB3B5 /* PieStyle.swift */; };
		58AD9302274E3D97001CB3B5 /* PiePlot.swift in Sources */ = {isa = PBXBuildFile; fileRef = 58AD9301274E3D97001CB3B5 /* PiePlot.swift */; };
		58AD9305274E4384001CB3B5 /* ScrollableModifier.swift in Sources */ = {isa = PBXBuildFile; fileRef = 58AD9304274E4384001CB3B5 /* ScrollableModifier.swift */; };
		58AE9FDA275712B200FB6257 /* PieExtension.swift in Sources */ = {isa = PBXBuildFile; fileRef = 58AE9FD9275712B200FB6257 /* PieExtension.swift */; };
		58B32806274F1ECE0004B2C1 /* RadarPlot.swift in Sources */ = {isa = PBXBuildFile; fileRef = 58B32805274F1ECE0004B2C1 /* RadarPlot.swift */; };
		58B32808274F1F830004B2C1 /* AxisViewExtension.swift in Sources */ = {isa = PBXBuildFile; fileRef = 58B32807274F1F830004B2C1 /* AxisViewExtension.swift */; };
		58C68092274798A900519FA1 /* LabelStyle.swift in Sources */ = {isa = PBXBuildFile; fileRef = 58C68091274798A900519FA1 /* LabelStyle.swift */; };
		58E08F28274F25380094E683 /* RadarStyle.swift in Sources */ = {isa = PBXBuildFile; fileRef = 58E08F27274F25380094E683 /* RadarStyle.swift */; };
		58E08F2A274F2CFE0094E683 /* RaderView.swift in Sources */ = {isa = PBXBuildFile; fileRef = 58E08F29274F2CFE0094E683 /* RaderView.swift */; };
		58E08F2C274F2D100094E683 /* RadarShap.swift in Sources */ = {isa = PBXBuildFile; fileRef = 58E08F2B274F2D100094E683 /* RadarShap.swift */; };
		58E08F2E274F34F10094E683 /* RadarExtension.swift in Sources */ = {isa = PBXBuildFile; fileRef = 58E08F2D274F34F10094E683 /* RadarExtension.swift */; };
		58E08F31274F669D0094E683 /* RadarReferenceLine.swift in Sources */ = {isa = PBXBuildFile; fileRef = 58E08F30274F669D0094E683 /* RadarReferenceLine.swift */; };
		58E08F33274F72E50094E683 /* ChartData3.json in Resources */ = {isa = PBXBuildFile; fileRef = 58E08F32274F72660094E683 /* ChartData3.json */; };
		58E814232787D9CC00BD8515 /* SigngleView.swift in Sources */ = {isa = PBXBuildFile; fileRef = 5864337E275DAA4900CDBA35 /* SigngleView.swift */; };
		58E814242787D9CC00BD8515 /* ContentView.swift in Sources */ = {isa = PBXBuildFile; fileRef = 580FB65427425629003B4AEC /* ContentView.swift */; };
		58E814252787D9CC00BD8515 /* ExampleApp.swift in Sources */ = {isa = PBXBuildFile; fileRef = 580FB65227425629003B4AEC /* ExampleApp.swift */; };
		58E814262787DA8B00BD8515 /* ChartData2.json in Resources */ = {isa = PBXBuildFile; fileRef = 58343AA327477A35007D685D /* ChartData2.json */; };
		58E814272787DA8B00BD8515 /* ChartData6.json in Resources */ = {isa = PBXBuildFile; fileRef = 587114562761BEC700455BA0 /* ChartData6.json */; };
		58E814292787DA8B00BD8515 /* ChartData4.json in Resources */ = {isa = PBXBuildFile; fileRef = 582E0DD327507D1C009CC1FD /* ChartData4.json */; };
		58E8142A2787DA8B00BD8515 /* ChartData.json in Resources */ = {isa = PBXBuildFile; fileRef = 583BF48E2743586500626C13 /* ChartData.json */; };
		58E8142C2787DA8B00BD8515 /* ChartData5.json in Resources */ = {isa = PBXBuildFile; fileRef = 580A5A332756179D007A7AA6 /* ChartData5.json */; };
		58E8142D2787DA8B00BD8515 /* ChartData3.json in Resources */ = {isa = PBXBuildFile; fileRef = 58E08F32274F72660094E683 /* ChartData3.json */; };
		58E814342787DB7700BD8515 /* PreviewData.swift in Sources */ = {isa = PBXBuildFile; fileRef = 583BF490274358F500626C13 /* PreviewData.swift */; };
		58E814352787DB7700BD8515 /* TestChartData.swift in Sources */ = {isa = PBXBuildFile; fileRef = 583BF49227435A7900626C13 /* TestChartData.swift */; };
		58E814362787DCE200BD8515 /* Assets.xcassets in Resources */ = {isa = PBXBuildFile; fileRef = 580FB6562742562C003B4AEC /* Assets.xcassets */; };
		58E814372787DCE900BD8515 /* Preview Assets.xcassets in Resources */ = {isa = PBXBuildFile; fileRef = 580FB6592742562C003B4AEC /* Preview Assets.xcassets */; };
		58E814382787DE6D00BD8515 /* PrettyAxis.framework in Frameworks */ = {isa = PBXBuildFile; fileRef = 5815EBF82786DE900072ACE9 /* PrettyAxis.framework */; };
		58E814392787DE6D00BD8515 /* PrettyAxis.framework in Embed Frameworks */ = {isa = PBXBuildFile; fileRef = 5815EBF82786DE900072ACE9 /* PrettyAxis.framework */; settings = {ATTRIBUTES = (RemoveHeadersOnCopy, ); }; };
		58FB37652750C13A00963EB3 /* ScatterExtension.swift in Sources */ = {isa = PBXBuildFile; fileRef = 58FB37642750C13A00963EB3 /* ScatterExtension.swift */; };
/* End PBXBuildFile section */

/* Begin PBXContainerItemProxy section */
		580FB63E274255F8003B4AEC /* PBXContainerItemProxy */ = {
			isa = PBXContainerItemProxy;
			containerPortal = 580FB629274255F8003B4AEC /* Project object */;
			proxyType = 1;
			remoteGlobalIDString = 580FB631274255F8003B4AEC;
			remoteInfo = PrettyAxis;
		};
		580FB6602742562C003B4AEC /* PBXContainerItemProxy */ = {
			isa = PBXContainerItemProxy;
			containerPortal = 580FB629274255F8003B4AEC /* Project object */;
			proxyType = 1;
			remoteGlobalIDString = 580FB64F27425629003B4AEC;
			remoteInfo = Example;
		};
		580FB66A2742562C003B4AEC /* PBXContainerItemProxy */ = {
			isa = PBXContainerItemProxy;
			containerPortal = 580FB629274255F8003B4AEC /* Project object */;
			proxyType = 1;
			remoteGlobalIDString = 580FB64F27425629003B4AEC;
			remoteInfo = Example;
		};
		581C3AB0274B727E00C2EA6B /* PBXContainerItemProxy */ = {
			isa = PBXContainerItemProxy;
			containerPortal = 580FB629274255F8003B4AEC /* Project object */;
			proxyType = 1;
			remoteGlobalIDString = 580FB631274255F8003B4AEC;
			remoteInfo = PrettyAxis;
		};
		58E8143A2787DE6D00BD8515 /* PBXContainerItemProxy */ = {
			isa = PBXContainerItemProxy;
			containerPortal = 580FB629274255F8003B4AEC /* Project object */;
			proxyType = 1;
			remoteGlobalIDString = 5815EBF72786DE900072ACE9;
			remoteInfo = "PrettyAxis-macOS";
		};
/* End PBXContainerItemProxy section */

/* Begin PBXCopyFilesBuildPhase section */
		581C3AB2274B727E00C2EA6B /* Embed Frameworks */ = {
			isa = PBXCopyFilesBuildPhase;
			buildActionMask = 2147483647;
			dstPath = "";
			dstSubfolderSpec = 10;
			files = (
				581C3AAF274B727E00C2EA6B /* PrettyAxis.framework in Embed Frameworks */,
			);
			name = "Embed Frameworks";
			runOnlyForDeploymentPostprocessing = 0;
		};
		58E8143C2787DE6D00BD8515 /* Embed Frameworks */ = {
			isa = PBXCopyFilesBuildPhase;
			buildActionMask = 2147483647;
			dstPath = "";
			dstSubfolderSpec = 10;
			files = (
				58E814392787DE6D00BD8515 /* PrettyAxis.framework in Embed Frameworks */,
			);
			name = "Embed Frameworks";
			runOnlyForDeploymentPostprocessing = 0;
		};
/* End PBXCopyFilesBuildPhase section */

/* Begin PBXFileReference section */
		580A5A292755CC39007A7AA6 /* LegendView.swift */ = {isa = PBXFileReference; lastKnownFileType = sourcecode.swift; path = LegendView.swift; sourceTree = "<group>"; };
		580A5A2B2755CDB8007A7AA6 /* LegendModifier.swift */ = {isa = PBXFileReference; lastKnownFileType = sourcecode.swift; path = LegendModifier.swift; sourceTree = "<group>"; };
		580A5A2D2755D238007A7AA6 /* LegendStyle.swift */ = {isa = PBXFileReference; lastKnownFileType = sourcecode.swift; path = LegendStyle.swift; sourceTree = "<group>"; };
		580A5A2F275615E1007A7AA6 /* PieSlice.swift */ = {isa = PBXFileReference; lastKnownFileType = sourcecode.swift; path = PieSlice.swift; sourceTree = "<group>"; };
		580A5A312756173D007A7AA6 /* PieView.swift */ = {isa = PBXFileReference; lastKnownFileType = sourcecode.swift; path = PieView.swift; sourceTree = "<group>"; };
		580A5A332756179D007A7AA6 /* ChartData5.json */ = {isa = PBXFileReference; fileEncoding = 4; lastKnownFileType = text.json; path = ChartData5.json; sourceTree = "<group>"; };
		580A5A38275627A9007A7AA6 /* DoughnutSlice.swift */ = {isa = PBXFileReference; lastKnownFileType = sourcecode.swift; path = DoughnutSlice.swift; sourceTree = "<group>"; };
		580FB632274255F8003B4AEC /* PrettyAxis.framework */ = {isa = PBXFileReference; explicitFileType = wrapper.framework; includeInIndex = 0; path = PrettyAxis.framework; sourceTree = BUILT_PRODUCTS_DIR; };
		580FB635274255F8003B4AEC /* PrettyAxis.h */ = {isa = PBXFileReference; lastKnownFileType = sourcecode.c.h; path = PrettyAxis.h; sourceTree = "<group>"; };
		580FB636274255F8003B4AEC /* PrettyAxis.docc */ = {isa = PBXFileReference; lastKnownFileType = folder.documentationcatalog; path = PrettyAxis.docc; sourceTree = "<group>"; };
		580FB63C274255F8003B4AEC /* PrettyAxisTests.xctest */ = {isa = PBXFileReference; explicitFileType = wrapper.cfbundle; includeInIndex = 0; path = PrettyAxisTests.xctest; sourceTree = BUILT_PRODUCTS_DIR; };
		580FB641274255F8003B4AEC /* PrettyAxisTests.swift */ = {isa = PBXFileReference; lastKnownFileType = sourcecode.swift; path = PrettyAxisTests.swift; sourceTree = "<group>"; };
		580FB65027425629003B4AEC /* Example.app */ = {isa = PBXFileReference; explicitFileType = wrapper.application; includeInIndex = 0; path = Example.app; sourceTree = BUILT_PRODUCTS_DIR; };
		580FB65227425629003B4AEC /* ExampleApp.swift */ = {isa = PBXFileReference; lastKnownFileType = sourcecode.swift; path = ExampleApp.swift; sourceTree = "<group>"; };
		580FB65427425629003B4AEC /* ContentView.swift */ = {isa = PBXFileReference; lastKnownFileType = sourcecode.swift; path = ContentView.swift; sourceTree = "<group>"; };
		580FB6562742562C003B4AEC /* Assets.xcassets */ = {isa = PBXFileReference; lastKnownFileType = folder.assetcatalog; path = Assets.xcassets; sourceTree = "<group>"; };
		580FB6592742562C003B4AEC /* Preview Assets.xcassets */ = {isa = PBXFileReference; lastKnownFileType = folder.assetcatalog; path = "Preview Assets.xcassets"; sourceTree = "<group>"; };
		580FB65F2742562C003B4AEC /* ExampleTests.xctest */ = {isa = PBXFileReference; explicitFileType = wrapper.cfbundle; includeInIndex = 0; path = ExampleTests.xctest; sourceTree = BUILT_PRODUCTS_DIR; };
		580FB6632742562C003B4AEC /* ExampleTests.swift */ = {isa = PBXFileReference; lastKnownFileType = sourcecode.swift; path = ExampleTests.swift; sourceTree = "<group>"; };
		580FB6692742562C003B4AEC /* ExampleUITests.xctest */ = {isa = PBXFileReference; explicitFileType = wrapper.cfbundle; includeInIndex = 0; path = ExampleUITests.xctest; sourceTree = BUILT_PRODUCTS_DIR; };
		580FB66D2742562C003B4AEC /* ExampleUITests.swift */ = {isa = PBXFileReference; lastKnownFileType = sourcecode.swift; path = ExampleUITests.swift; sourceTree = "<group>"; };
		580FB66F2742562C003B4AEC /* ExampleUITestsLaunchTests.swift */ = {isa = PBXFileReference; lastKnownFileType = sourcecode.swift; path = ExampleUITestsLaunchTests.swift; sourceTree = "<group>"; };
		580FB67A27425644003B4AEC /* AxisView.swift */ = {isa = PBXFileReference; lastKnownFileType = sourcecode.swift; path = AxisView.swift; sourceTree = "<group>"; };
		580FB67E274256D0003B4AEC /* ReferenceLineView.swift */ = {isa = PBXFileReference; lastKnownFileType = sourcecode.swift; path = ReferenceLineView.swift; sourceTree = "<group>"; };
		580FB681274262E0003B4AEC /* NumberFormatter.swift */ = {isa = PBXFileReference; lastKnownFileType = sourcecode.swift; path = NumberFormatter.swift; sourceTree = "<group>"; };
		580FB68327426325003B4AEC /* IntFormatter.swift */ = {isa = PBXFileReference; lastKnownFileType = sourcecode.swift; path = IntFormatter.swift; sourceTree = "<group>"; };
		5815EBF22786DD240072ACE9 /* Example.entitlements */ = {isa = PBXFileReference; lastKnownFileType = text.plist.entitlements; path = Example.entitlements; sourceTree = "<group>"; };
		5815EBF82786DE900072ACE9 /* PrettyAxis.framework */ = {isa = PBXFileReference; explicitFileType = wrapper.framework; includeInIndex = 0; path = PrettyAxis.framework; sourceTree = BUILT_PRODUCTS_DIR; };
		581965E927858A46006F286C /* LineValue.swift */ = {isa = PBXFileReference; lastKnownFileType = sourcecode.swift; path = LineValue.swift; sourceTree = "<group>"; };
		581C3AA0274B6BC400C2EA6B /* LineMark.swift */ = {isa = PBXFileReference; lastKnownFileType = sourcecode.swift; path = LineMark.swift; sourceTree = "<group>"; };
		581C3AA6274B6C9700C2EA6B /* MarkType.swift */ = {isa = PBXFileReference; lastKnownFileType = sourcecode.swift; path = MarkType.swift; sourceTree = "<group>"; };
		581C3AB3274B745700C2EA6B /* Type.swift */ = {isa = PBXFileReference; lastKnownFileType = sourcecode.swift; path = Type.swift; sourceTree = "<group>"; };
		582E0DD327507D1C009CC1FD /* ChartData4.json */ = {isa = PBXFileReference; fileEncoding = 4; lastKnownFileType = text.json; path = ChartData4.json; sourceTree = "<group>"; };
		582E0DD627508344009CC1FD /* ScatterStyle.swift */ = {isa = PBXFileReference; lastKnownFileType = sourcecode.swift; path = ScatterStyle.swift; sourceTree = "<group>"; };
		582E0DD82750836B009CC1FD /* ScatterPlot.swift */ = {isa = PBXFileReference; lastKnownFileType = sourcecode.swift; path = ScatterPlot.swift; sourceTree = "<group>"; };
		582E0DDA27508A0B009CC1FD /* ScatterData.swift */ = {isa = PBXFileReference; lastKnownFileType = sourcecode.swift; path = ScatterData.swift; sourceTree = "<group>"; };
		582E0DDC2750AB61009CC1FD /* ScatterView.swift */ = {isa = PBXFileReference; lastKnownFileType = sourcecode.swift; path = ScatterView.swift; sourceTree = "<group>"; };
		582E0DDE2750ACD9009CC1FD /* ScatterShape.swift */ = {isa = PBXFileReference; lastKnownFileType = sourcecode.swift; path = ScatterShape.swift; sourceTree = "<group>"; };
		58343AA327477A35007D685D /* ChartData2.json */ = {isa = PBXFileReference; lastKnownFileType = text.json; path = ChartData2.json; sourceTree = "<group>"; };
		583BF48A2743514E00626C13 /* AxisData.swift */ = {isa = PBXFileReference; lastKnownFileType = sourcecode.swift; path = AxisData.swift; sourceTree = "<group>"; };
		583BF48E2743586500626C13 /* ChartData.json */ = {isa = PBXFileReference; fileEncoding = 4; lastKnownFileType = text.json; path = ChartData.json; sourceTree = "<group>"; };
		583BF490274358F500626C13 /* PreviewData.swift */ = {isa = PBXFileReference; lastKnownFileType = sourcecode.swift; path = PreviewData.swift; sourceTree = "<group>"; };
		583BF49227435A7900626C13 /* TestChartData.swift */ = {isa = PBXFileReference; lastKnownFileType = sourcecode.swift; path = TestChartData.swift; sourceTree = "<group>"; };
		583BFD75274509D400AE4D97 /* BarChartExtension.swift */ = {isa = PBXFileReference; lastKnownFileType = sourcecode.swift; path = BarChartExtension.swift; sourceTree = "<group>"; };
		584247462745E62F00679A22 /* Line.swift */ = {isa = PBXFileReference; lastKnownFileType = sourcecode.swift; path = Line.swift; sourceTree = "<group>"; };
		5842496727464DA600679A22 /* LineStyle.swift */ = {isa = PBXFileReference; lastKnownFileType = sourcecode.swift; path = LineStyle.swift; sourceTree = "<group>"; };
		5842496927464FEC00679A22 /* LineView.swift */ = {isa = PBXFileReference; lastKnownFileType = sourcecode.swift; path = LineView.swift; sourceTree = "<group>"; };
		5842496B2746501300679A22 /* LinePlot.swift */ = {isa = PBXFileReference; lastKnownFileType = sourcecode.swift; path = LinePlot.swift; sourceTree = "<group>"; };
		5842496D27465B2000679A22 /* LineExtension.swift */ = {isa = PBXFileReference; lastKnownFileType = sourcecode.swift; path = LineExtension.swift; sourceTree = "<group>"; };
		584B1EAD274494030031C776 /* BarView.swift */ = {isa = PBXFileReference; lastKnownFileType = sourcecode.swift; path = BarView.swift; sourceTree = "<group>"; };
		584B1EB12744A3E40031C776 /* AxisStyle.swift */ = {isa = PBXFileReference; lastKnownFileType = sourcecode.swift; path = AxisStyle.swift; sourceTree = "<group>"; };
		584B1EB32744A5E60031C776 /* BarStyle.swift */ = {isa = PBXFileReference; lastKnownFileType = sourcecode.swift; path = BarStyle.swift; sourceTree = "<group>"; };
		584B1EB62744CEDE0031C776 /* ReferenceLineStyle.swift */ = {isa = PBXFileReference; lastKnownFileType = sourcecode.swift; path = ReferenceLineStyle.swift; sourceTree = "<group>"; };
		584B1EBA2744E7780031C776 /* Plot.swift */ = {isa = PBXFileReference; lastKnownFileType = sourcecode.swift; path = Plot.swift; sourceTree = "<group>"; };
		584B1EBC2744E7CF0031C776 /* BarPlot.swift */ = {isa = PBXFileReference; lastKnownFileType = sourcecode.swift; path = BarPlot.swift; sourceTree = "<group>"; };
		585498B32743A5160053DAA2 /* Bar.swift */ = {isa = PBXFileReference; lastKnownFileType = sourcecode.swift; path = Bar.swift; sourceTree = "<group>"; };
		5864337E275DAA4900CDBA35 /* SigngleView.swift */ = {isa = PBXFileReference; lastKnownFileType = sourcecode.swift; path = SigngleView.swift; sourceTree = "<group>"; };
		587114502761A71600455BA0 /* CalendarGraphPlot.swift */ = {isa = PBXFileReference; lastKnownFileType = sourcecode.swift; path = CalendarGraphPlot.swift; sourceTree = "<group>"; };
		587114522761AC6600455BA0 /* CalendarGraphStyle.swift */ = {isa = PBXFileReference; lastKnownFileType = sourcecode.swift; path = CalendarGraphStyle.swift; sourceTree = "<group>"; };
		587114542761AD7F00455BA0 /* CalendarGraphView.swift */ = {isa = PBXFileReference; lastKnownFileType = sourcecode.swift; path = CalendarGraphView.swift; sourceTree = "<group>"; };
		587114562761BEC700455BA0 /* ChartData6.json */ = {isa = PBXFileReference; lastKnownFileType = text.json; path = ChartData6.json; sourceTree = "<group>"; };
		587114622761D74C00455BA0 /* ReferenceLineYAxisView.swift */ = {isa = PBXFileReference; lastKnownFileType = sourcecode.swift; path = ReferenceLineYAxisView.swift; sourceTree = "<group>"; };
		587114642761E24300455BA0 /* CalendarGraphViewExtension.swift */ = {isa = PBXFileReference; lastKnownFileType = sourcecode.swift; path = CalendarGraphViewExtension.swift; sourceTree = "<group>"; };
		5873D2542754A56E00E2E9BC /* Axisable.swift */ = {isa = PBXFileReference; lastKnownFileType = sourcecode.swift; path = Axisable.swift; sourceTree = "<group>"; };
		58AD92FF274E3C9D001CB3B5 /* PieStyle.swift */ = {isa = PBXFileReference; lastKnownFileType = sourcecode.swift; path = PieStyle.swift; sourceTree = "<group>"; };
		58AD9301274E3D97001CB3B5 /* PiePlot.swift */ = {isa = PBXFileReference; lastKnownFileType = sourcecode.swift; path = PiePlot.swift; sourceTree = "<group>"; };
		58AD9304274E4384001CB3B5 /* ScrollableModifier.swift */ = {isa = PBXFileReference; lastKnownFileType = sourcecode.swift; path = ScrollableModifier.swift; sourceTree = "<group>"; };
		58AE9FD9275712B200FB6257 /* PieExtension.swift */ = {isa = PBXFileReference; lastKnownFileType = sourcecode.swift; path = PieExtension.swift; sourceTree = "<group>"; };
		58B32805274F1ECE0004B2C1 /* RadarPlot.swift */ = {isa = PBXFileReference; lastKnownFileType = sourcecode.swift; path = RadarPlot.swift; sourceTree = "<group>"; };
		58B32807274F1F830004B2C1 /* AxisViewExtension.swift */ = {isa = PBXFileReference; lastKnownFileType = sourcecode.swift; path = AxisViewExtension.swift; sourceTree = "<group>"; };
		58C68091274798A900519FA1 /* LabelStyle.swift */ = {isa = PBXFileReference; lastKnownFileType = sourcecode.swift; path = LabelStyle.swift; sourceTree = "<group>"; };
		58E08F27274F25380094E683 /* RadarStyle.swift */ = {isa = PBXFileReference; lastKnownFileType = sourcecode.swift; path = RadarStyle.swift; sourceTree = "<group>"; };
		58E08F29274F2CFE0094E683 /* RaderView.swift */ = {isa = PBXFileReference; lastKnownFileType = sourcecode.swift; path = RaderView.swift; sourceTree = "<group>"; };
		58E08F2B274F2D100094E683 /* RadarShap.swift */ = {isa = PBXFileReference; lastKnownFileType = sourcecode.swift; path = RadarShap.swift; sourceTree = "<group>"; };
		58E08F2D274F34F10094E683 /* RadarExtension.swift */ = {isa = PBXFileReference; lastKnownFileType = sourcecode.swift; path = RadarExtension.swift; sourceTree = "<group>"; };
		58E08F30274F669D0094E683 /* RadarReferenceLine.swift */ = {isa = PBXFileReference; lastKnownFileType = sourcecode.swift; path = RadarReferenceLine.swift; sourceTree = "<group>"; };
		58E08F32274F72660094E683 /* ChartData3.json */ = {isa = PBXFileReference; lastKnownFileType = text.json; path = ChartData3.json; sourceTree = "<group>"; };
		58E813F82787D98F00BD8515 /* Example-macOS.app */ = {isa = PBXFileReference; explicitFileType = wrapper.application; includeInIndex = 0; path = "Example-macOS.app"; sourceTree = BUILT_PRODUCTS_DIR; };
		58E8142E2787DACD00BD8515 /* Example_macOS.entitlements */ = {isa = PBXFileReference; fileEncoding = 4; lastKnownFileType = text.plist.entitlements; path = Example_macOS.entitlements; sourceTree = "<group>"; };
		58FB37642750C13A00963EB3 /* ScatterExtension.swift */ = {isa = PBXFileReference; lastKnownFileType = sourcecode.swift; path = ScatterExtension.swift; sourceTree = "<group>"; };
/* End PBXFileReference section */

/* Begin PBXFrameworksBuildPhase section */
		580FB62F274255F8003B4AEC /* Frameworks */ = {
			isa = PBXFrameworksBuildPhase;
			buildActionMask = 2147483647;
			files = (
			);
			runOnlyForDeploymentPostprocessing = 0;
		};
		580FB639274255F8003B4AEC /* Frameworks */ = {
			isa = PBXFrameworksBuildPhase;
			buildActionMask = 2147483647;
			files = (
				580FB63D274255F8003B4AEC /* PrettyAxis.framework in Frameworks */,
			);
			runOnlyForDeploymentPostprocessing = 0;
		};
		580FB64D27425629003B4AEC /* Frameworks */ = {
			isa = PBXFrameworksBuildPhase;
			buildActionMask = 2147483647;
			files = (
				581C3AAE274B727E00C2EA6B /* PrettyAxis.framework in Frameworks */,
			);
			runOnlyForDeploymentPostprocessing = 0;
		};
		580FB65C2742562C003B4AEC /* Frameworks */ = {
			isa = PBXFrameworksBuildPhase;
			buildActionMask = 2147483647;
			files = (
			);
			runOnlyForDeploymentPostprocessing = 0;
		};
		580FB6662742562C003B4AEC /* Frameworks */ = {
			isa = PBXFrameworksBuildPhase;
			buildActionMask = 2147483647;
			files = (
			);
			runOnlyForDeploymentPostprocessing = 0;
		};
		5815EBF52786DE900072ACE9 /* Frameworks */ = {
			isa = PBXFrameworksBuildPhase;
			buildActionMask = 2147483647;
			files = (
			);
			runOnlyForDeploymentPostprocessing = 0;
		};
		58E813F52787D98F00BD8515 /* Frameworks */ = {
			isa = PBXFrameworksBuildPhase;
			buildActionMask = 2147483647;
			files = (
				58E814382787DE6D00BD8515 /* PrettyAxis.framework in Frameworks */,
			);
			runOnlyForDeploymentPostprocessing = 0;
		};
/* End PBXFrameworksBuildPhase section */

/* Begin PBXGroup section */
		580A5A282755CC19007A7AA6 /* Legend */ = {
			isa = PBXGroup;
			children = (
				580A5A292755CC39007A7AA6 /* LegendView.swift */,
				580A5A2D2755D238007A7AA6 /* LegendStyle.swift */,
			);
			path = Legend;
			sourceTree = "<group>";
		};
		580FB628274255F8003B4AEC = {
			isa = PBXGroup;
			children = (
				58C83C6F27586133002CA69E /* Sources */,
				580FB640274255F8003B4AEC /* PrettyAxisTests */,
				580FB65127425629003B4AEC /* Example */,
				580FB6622742562C003B4AEC /* ExampleTests */,
				580FB66C2742562C003B4AEC /* ExampleUITests */,
				580FB633274255F8003B4AEC /* Products */,
				581C3AAD274B727E00C2EA6B /* Frameworks */,
			);
			sourceTree = "<group>";
		};
		580FB633274255F8003B4AEC /* Products */ = {
			isa = PBXGroup;
			children = (
				580FB632274255F8003B4AEC /* PrettyAxis.framework */,
				580FB63C274255F8003B4AEC /* PrettyAxisTests.xctest */,
				580FB65027425629003B4AEC /* Example.app */,
				580FB65F2742562C003B4AEC /* ExampleTests.xctest */,
				580FB6692742562C003B4AEC /* ExampleUITests.xctest */,
				5815EBF82786DE900072ACE9 /* PrettyAxis.framework */,
				58E813F82787D98F00BD8515 /* Example-macOS.app */,
			);
			name = Products;
			sourceTree = "<group>";
		};
		580FB634274255F8003B4AEC /* PrettyAxis */ = {
			isa = PBXGroup;
			children = (
				580A5A282755CC19007A7AA6 /* Legend */,
				58AD9303274E436D001CB3B5 /* Modifier */,
				581C3AA3274B6C8200C2EA6B /* Types */,
				583BF4892743513D00626C13 /* Module */,
				583BF48427434CB400626C13 /* Plot */,
				580FB680274262C0003B4AEC /* NumberFormater */,
				580FB67C274256AA003B4AEC /* ReferenceLine */,
				580FB635274255F8003B4AEC /* PrettyAxis.h */,
				580FB636274255F8003B4AEC /* PrettyAxis.docc */,
				580FB67A27425644003B4AEC /* AxisView.swift */,
				584B1EB12744A3E40031C776 /* AxisStyle.swift */,
				58C68091274798A900519FA1 /* LabelStyle.swift */,
				58B32807274F1F830004B2C1 /* AxisViewExtension.swift */,
				5873D2542754A56E00E2E9BC /* Axisable.swift */,
			);
			path = PrettyAxis;
			sourceTree = "<group>";
		};
		580FB640274255F8003B4AEC /* PrettyAxisTests */ = {
			isa = PBXGroup;
			children = (
				580FB641274255F8003B4AEC /* PrettyAxisTests.swift */,
			);
			path = PrettyAxisTests;
			sourceTree = "<group>";
		};
		580FB65127425629003B4AEC /* Example */ = {
			isa = PBXGroup;
			children = (
				5815EBF22786DD240072ACE9 /* Example.entitlements */,
				58E8142E2787DACD00BD8515 /* Example_macOS.entitlements */,
				580FB65227425629003B4AEC /* ExampleApp.swift */,
				580FB65427425629003B4AEC /* ContentView.swift */,
				580FB6562742562C003B4AEC /* Assets.xcassets */,
				580FB6582742562C003B4AEC /* Preview Content */,
				5864337E275DAA4900CDBA35 /* SigngleView.swift */,
			);
			path = Example;
			sourceTree = "<group>";
		};
		580FB6582742562C003B4AEC /* Preview Content */ = {
			isa = PBXGroup;
			children = (
				583BF48E2743586500626C13 /* ChartData.json */,
				583BF490274358F500626C13 /* PreviewData.swift */,
				583BF49227435A7900626C13 /* TestChartData.swift */,
				58343AA327477A35007D685D /* ChartData2.json */,
				58E08F32274F72660094E683 /* ChartData3.json */,
				582E0DD327507D1C009CC1FD /* ChartData4.json */,
				580A5A332756179D007A7AA6 /* ChartData5.json */,
				587114562761BEC700455BA0 /* ChartData6.json */,
				580FB6592742562C003B4AEC /* Preview Assets.xcassets */,
			);
			path = "Preview Content";
			sourceTree = "<group>";
		};
		580FB6622742562C003B4AEC /* ExampleTests */ = {
			isa = PBXGroup;
			children = (
				580FB6632742562C003B4AEC /* ExampleTests.swift */,
			);
			path = ExampleTests;
			sourceTree = "<group>";
		};
		580FB66C2742562C003B4AEC /* ExampleUITests */ = {
			isa = PBXGroup;
			children = (
				580FB66D2742562C003B4AEC /* ExampleUITests.swift */,
				580FB66F2742562C003B4AEC /* ExampleUITestsLaunchTests.swift */,
			);
			path = ExampleUITests;
			sourceTree = "<group>";
		};
		580FB67C274256AA003B4AEC /* ReferenceLine */ = {
			isa = PBXGroup;
			children = (
				580FB67E274256D0003B4AEC /* ReferenceLineView.swift */,
				584B1EB62744CEDE0031C776 /* ReferenceLineStyle.swift */,
				587114622761D74C00455BA0 /* ReferenceLineYAxisView.swift */,
			);
			path = ReferenceLine;
			sourceTree = "<group>";
		};
		580FB680274262C0003B4AEC /* NumberFormater */ = {
			isa = PBXGroup;
			children = (
				580FB681274262E0003B4AEC /* NumberFormatter.swift */,
				580FB68327426325003B4AEC /* IntFormatter.swift */,
			);
			path = NumberFormater;
			sourceTree = "<group>";
		};
		581C3AA3274B6C8200C2EA6B /* Types */ = {
			isa = PBXGroup;
			children = (
				581C3AA6274B6C9700C2EA6B /* MarkType.swift */,
				581C3AB3274B745700C2EA6B /* Type.swift */,
			);
			path = Types;
			sourceTree = "<group>";
		};
		581C3AAD274B727E00C2EA6B /* Frameworks */ = {
			isa = PBXGroup;
			children = (
			);
			name = Frameworks;
			sourceTree = "<group>";
		};
		582E0DD527508331009CC1FD /* Scatter */ = {
			isa = PBXGroup;
			children = (
				582E0DD627508344009CC1FD /* ScatterStyle.swift */,
				582E0DD82750836B009CC1FD /* ScatterPlot.swift */,
				582E0DDA27508A0B009CC1FD /* ScatterData.swift */,
				582E0DDC2750AB61009CC1FD /* ScatterView.swift */,
				582E0DDE2750ACD9009CC1FD /* ScatterShape.swift */,
				58FB37642750C13A00963EB3 /* ScatterExtension.swift */,
			);
			path = Scatter;
			sourceTree = "<group>";
		};
		583BF48427434CB400626C13 /* Plot */ = {
			isa = PBXGroup;
			children = (
				5871144F2761A6F400455BA0 /* CalendarGraph */,
				582E0DD527508331009CC1FD /* Scatter */,
				58B32804274F1EA80004B2C1 /* Radar */,
				58AD92FE274E3265001CB3B5 /* Pie */,
				584247452745E5FE00679A22 /* Line */,
				585498B22743A4FF0053DAA2 /* Bar */,
				584B1EBA2744E7780031C776 /* Plot.swift */,
			);
			path = Plot;
			sourceTree = "<group>";
		};
		583BF4892743513D00626C13 /* Module */ = {
			isa = PBXGroup;
			children = (
				583BF48A2743514E00626C13 /* AxisData.swift */,
			);
			path = Module;
			sourceTree = "<group>";
		};
		584247452745E5FE00679A22 /* Line */ = {
			isa = PBXGroup;
			children = (
				584247462745E62F00679A22 /* Line.swift */,
				5842496727464DA600679A22 /* LineStyle.swift */,
				5842496927464FEC00679A22 /* LineView.swift */,
				5842496B2746501300679A22 /* LinePlot.swift */,
				5842496D27465B2000679A22 /* LineExtension.swift */,
				581C3AA0274B6BC400C2EA6B /* LineMark.swift */,
				581965E927858A46006F286C /* LineValue.swift */,
			);
			path = Line;
			sourceTree = "<group>";
		};
		585498B22743A4FF0053DAA2 /* Bar */ = {
			isa = PBXGroup;
			children = (
				585498B32743A5160053DAA2 /* Bar.swift */,
				584B1EAD274494030031C776 /* BarView.swift */,
				584B1EB32744A5E60031C776 /* BarStyle.swift */,
				584B1EBC2744E7CF0031C776 /* BarPlot.swift */,
				583BFD75274509D400AE4D97 /* BarChartExtension.swift */,
			);
			path = Bar;
			sourceTree = "<group>";
		};
		5871144F2761A6F400455BA0 /* CalendarGraph */ = {
			isa = PBXGroup;
			children = (
				587114502761A71600455BA0 /* CalendarGraphPlot.swift */,
				587114522761AC6600455BA0 /* CalendarGraphStyle.swift */,
				587114542761AD7F00455BA0 /* CalendarGraphView.swift */,
				587114642761E24300455BA0 /* CalendarGraphViewExtension.swift */,
			);
			path = CalendarGraph;
			sourceTree = "<group>";
		};
		58AD92FE274E3265001CB3B5 /* Pie */ = {
			isa = PBXGroup;
			children = (
				58AD92FF274E3C9D001CB3B5 /* PieStyle.swift */,
				58AD9301274E3D97001CB3B5 /* PiePlot.swift */,
				580A5A2F275615E1007A7AA6 /* PieSlice.swift */,
				580A5A312756173D007A7AA6 /* PieView.swift */,
				580A5A38275627A9007A7AA6 /* DoughnutSlice.swift */,
				58AE9FD9275712B200FB6257 /* PieExtension.swift */,
			);
			path = Pie;
			sourceTree = "<group>";
		};
		58AD9303274E436D001CB3B5 /* Modifier */ = {
			isa = PBXGroup;
			children = (
				58AD9304274E4384001CB3B5 /* ScrollableModifier.swift */,
				580A5A2B2755CDB8007A7AA6 /* LegendModifier.swift */,
			);
			path = Modifier;
			sourceTree = "<group>";
		};
		58B32804274F1EA80004B2C1 /* Radar */ = {
			isa = PBXGroup;
			children = (
				58B32805274F1ECE0004B2C1 /* RadarPlot.swift */,
				58E08F27274F25380094E683 /* RadarStyle.swift */,
				58E08F29274F2CFE0094E683 /* RaderView.swift */,
				58E08F2B274F2D100094E683 /* RadarShap.swift */,
				58E08F30274F669D0094E683 /* RadarReferenceLine.swift */,
				58E08F2D274F34F10094E683 /* RadarExtension.swift */,
			);
			path = Radar;
			sourceTree = "<group>";
		};
		58C83C6F27586133002CA69E /* Sources */ = {
			isa = PBXGroup;
			children = (
				580FB634274255F8003B4AEC /* PrettyAxis */,
			);
			path = Sources;
			sourceTree = "<group>";
		};
/* End PBXGroup section */

/* Begin PBXHeadersBuildPhase section */
		580FB62D274255F8003B4AEC /* Headers */ = {
			isa = PBXHeadersBuildPhase;
			buildActionMask = 2147483647;
			files = (
				580FB643274255F8003B4AEC /* PrettyAxis.h in Headers */,
			);
			runOnlyForDeploymentPostprocessing = 0;
		};
		5815EBF32786DE900072ACE9 /* Headers */ = {
			isa = PBXHeadersBuildPhase;
			buildActionMask = 2147483647;
			files = (
			);
			runOnlyForDeploymentPostprocessing = 0;
		};
/* End PBXHeadersBuildPhase section */

/* Begin PBXNativeTarget section */
		580FB631274255F8003B4AEC /* PrettyAxis */ = {
			isa = PBXNativeTarget;
			buildConfigurationList = 580FB646274255F8003B4AEC /* Build configuration list for PBXNativeTarget "PrettyAxis" */;
			buildPhases = (
				580FB62D274255F8003B4AEC /* Headers */,
				580FB62E274255F8003B4AEC /* Sources */,
				580FB62F274255F8003B4AEC /* Frameworks */,
				580FB630274255F8003B4AEC /* Resources */,
			);
			buildRules = (
			);
			dependencies = (
			);
			name = PrettyAxis;
			productName = PrettyAxis;
			productReference = 580FB632274255F8003B4AEC /* PrettyAxis.framework */;
			productType = "com.apple.product-type.framework";
		};
		580FB63B274255F8003B4AEC /* PrettyAxisTests */ = {
			isa = PBXNativeTarget;
			buildConfigurationList = 580FB649274255F8003B4AEC /* Build configuration list for PBXNativeTarget "PrettyAxisTests" */;
			buildPhases = (
				580FB638274255F8003B4AEC /* Sources */,
				580FB639274255F8003B4AEC /* Frameworks */,
				580FB63A274255F8003B4AEC /* Resources */,
			);
			buildRules = (
			);
			dependencies = (
				580FB63F274255F8003B4AEC /* PBXTargetDependency */,
			);
			name = PrettyAxisTests;
			productName = PrettyAxisTests;
			productReference = 580FB63C274255F8003B4AEC /* PrettyAxisTests.xctest */;
			productType = "com.apple.product-type.bundle.unit-test";
		};
		580FB64F27425629003B4AEC /* Example */ = {
			isa = PBXNativeTarget;
			buildConfigurationList = 580FB6712742562C003B4AEC /* Build configuration list for PBXNativeTarget "Example" */;
			buildPhases = (
				580FB64C27425629003B4AEC /* Sources */,
				580FB64D27425629003B4AEC /* Frameworks */,
				580FB64E27425629003B4AEC /* Resources */,
				581C3AB2274B727E00C2EA6B /* Embed Frameworks */,
			);
			buildRules = (
			);
			dependencies = (
				581C3AB1274B727E00C2EA6B /* PBXTargetDependency */,
			);
			name = Example;
			productName = Example;
			productReference = 580FB65027425629003B4AEC /* Example.app */;
			productType = "com.apple.product-type.application";
		};
		580FB65E2742562C003B4AEC /* ExampleTests */ = {
			isa = PBXNativeTarget;
			buildConfigurationList = 580FB6742742562C003B4AEC /* Build configuration list for PBXNativeTarget "ExampleTests" */;
			buildPhases = (
				580FB65B2742562C003B4AEC /* Sources */,
				580FB65C2742562C003B4AEC /* Frameworks */,
				580FB65D2742562C003B4AEC /* Resources */,
			);
			buildRules = (
			);
			dependencies = (
				580FB6612742562C003B4AEC /* PBXTargetDependency */,
			);
			name = ExampleTests;
			productName = ExampleTests;
			productReference = 580FB65F2742562C003B4AEC /* ExampleTests.xctest */;
			productType = "com.apple.product-type.bundle.unit-test";
		};
		580FB6682742562C003B4AEC /* ExampleUITests */ = {
			isa = PBXNativeTarget;
			buildConfigurationList = 580FB6772742562C003B4AEC /* Build configuration list for PBXNativeTarget "ExampleUITests" */;
			buildPhases = (
				580FB6652742562C003B4AEC /* Sources */,
				580FB6662742562C003B4AEC /* Frameworks */,
				580FB6672742562C003B4AEC /* Resources */,
			);
			buildRules = (
			);
			dependencies = (
				580FB66B2742562C003B4AEC /* PBXTargetDependency */,
			);
			name = ExampleUITests;
			productName = ExampleUITests;
			productReference = 580FB6692742562C003B4AEC /* ExampleUITests.xctest */;
			productType = "com.apple.product-type.bundle.ui-testing";
		};
		5815EBF72786DE900072ACE9 /* PrettyAxis-macOS */ = {
			isa = PBXNativeTarget;
			buildConfigurationList = 5815EC092786DE900072ACE9 /* Build configuration list for PBXNativeTarget "PrettyAxis-macOS" */;
			buildPhases = (
				5815EBF32786DE900072ACE9 /* Headers */,
				5815EBF42786DE900072ACE9 /* Sources */,
				5815EBF52786DE900072ACE9 /* Frameworks */,
				5815EBF62786DE900072ACE9 /* Resources */,
			);
			buildRules = (
			);
			dependencies = (
			);
			name = "PrettyAxis-macOS";
			productName = "PrettyAxis-MacOS";
			productReference = 5815EBF82786DE900072ACE9 /* PrettyAxis.framework */;
			productType = "com.apple.product-type.framework";
		};
		58E813F72787D98F00BD8515 /* Example-macOS */ = {
			isa = PBXNativeTarget;
			buildConfigurationList = 58E814202787D99100BD8515 /* Build configuration list for PBXNativeTarget "Example-macOS" */;
			buildPhases = (
				58E813F42787D98F00BD8515 /* Sources */,
				58E813F52787D98F00BD8515 /* Frameworks */,
				58E813F62787D98F00BD8515 /* Resources */,
				58E8143C2787DE6D00BD8515 /* Embed Frameworks */,
			);
			buildRules = (
			);
			dependencies = (
				58E8143B2787DE6D00BD8515 /* PBXTargetDependency */,
			);
			name = "Example-macOS";
			productName = "Example-MacOS";
			productReference = 58E813F82787D98F00BD8515 /* Example-macOS.app */;
			productType = "com.apple.product-type.application";
		};
/* End PBXNativeTarget section */

/* Begin PBXProject section */
		580FB629274255F8003B4AEC /* Project object */ = {
			isa = PBXProject;
			attributes = {
				BuildIndependentTargetsInParallel = 1;
				LastSwiftUpdateCheck = 1320;
				LastUpgradeCheck = 1320;
				TargetAttributes = {
					580FB631274255F8003B4AEC = {
						CreatedOnToolsVersion = 13.1;
					};
					580FB63B274255F8003B4AEC = {
						CreatedOnToolsVersion = 13.1;
					};
					580FB64F27425629003B4AEC = {
						CreatedOnToolsVersion = 13.1;
					};
					580FB65E2742562C003B4AEC = {
						CreatedOnToolsVersion = 13.1;
						TestTargetID = 580FB64F27425629003B4AEC;
					};
					580FB6682742562C003B4AEC = {
						CreatedOnToolsVersion = 13.1;
						TestTargetID = 580FB64F27425629003B4AEC;
					};
					5815EBF72786DE900072ACE9 = {
						CreatedOnToolsVersion = 13.2.1;
					};
					58E813F72787D98F00BD8515 = {
						CreatedOnToolsVersion = 13.2.1;
					};
				};
			};
			buildConfigurationList = 580FB62C274255F8003B4AEC /* Build configuration list for PBXProject "PrettyAxis" */;
			compatibilityVersion = "Xcode 13.0";
			developmentRegion = en;
			hasScannedForEncodings = 0;
			knownRegions = (
				en,
				Base,
			);
			mainGroup = 580FB628274255F8003B4AEC;
			productRefGroup = 580FB633274255F8003B4AEC /* Products */;
			projectDirPath = "";
			projectRoot = "";
			targets = (
				5815EBF72786DE900072ACE9 /* PrettyAxis-macOS */,
				580FB631274255F8003B4AEC /* PrettyAxis */,
				580FB63B274255F8003B4AEC /* PrettyAxisTests */,
				580FB64F27425629003B4AEC /* Example */,
				58E813F72787D98F00BD8515 /* Example-macOS */,
				580FB65E2742562C003B4AEC /* ExampleTests */,
				580FB6682742562C003B4AEC /* ExampleUITests */,
			);
		};
/* End PBXProject section */

/* Begin PBXResourcesBuildPhase section */
		580FB630274255F8003B4AEC /* Resources */ = {
			isa = PBXResourcesBuildPhase;
			buildActionMask = 2147483647;
			files = (
			);
			runOnlyForDeploymentPostprocessing = 0;
		};
		580FB63A274255F8003B4AEC /* Resources */ = {
			isa = PBXResourcesBuildPhase;
			buildActionMask = 2147483647;
			files = (
			);
			runOnlyForDeploymentPostprocessing = 0;
		};
		580FB64E27425629003B4AEC /* Resources */ = {
			isa = PBXResourcesBuildPhase;
			buildActionMask = 2147483647;
			files = (
				580FB65A2742562C003B4AEC /* Preview Assets.xcassets in Resources */,
				5871145F2761CF1F00455BA0 /* ChartData6.json in Resources */,
				582E0DD427507D1C009CC1FD /* ChartData4.json in Resources */,
				581C3AAB274B723500C2EA6B /* ChartData2.json in Resources */,
				580A5A352756179D007A7AA6 /* ChartData5.json in Resources */,
				58E08F33274F72E50094E683 /* ChartData3.json in Resources */,
				580FB6572742562C003B4AEC /* Assets.xcassets in Resources */,
				581C3AA8274B722F00C2EA6B /* ChartData.json in Resources */,
			);
			runOnlyForDeploymentPostprocessing = 0;
		};
		580FB65D2742562C003B4AEC /* Resources */ = {
			isa = PBXResourcesBuildPhase;
			buildActionMask = 2147483647;
			files = (
			);
			runOnlyForDeploymentPostprocessing = 0;
		};
		580FB6672742562C003B4AEC /* Resources */ = {
			isa = PBXResourcesBuildPhase;
			buildActionMask = 2147483647;
			files = (
			);
			runOnlyForDeploymentPostprocessing = 0;
		};
		5815EBF62786DE900072ACE9 /* Resources */ = {
			isa = PBXResourcesBuildPhase;
			buildActionMask = 2147483647;
			files = (
			);
			runOnlyForDeploymentPostprocessing = 0;
		};
		58E813F62787D98F00BD8515 /* Resources */ = {
			isa = PBXResourcesBuildPhase;
			buildActionMask = 2147483647;
			files = (
				58E814372787DCE900BD8515 /* Preview Assets.xcassets in Resources */,
				58E814262787DA8B00BD8515 /* ChartData2.json in Resources */,
				58E814292787DA8B00BD8515 /* ChartData4.json in Resources */,
				58E8142A2787DA8B00BD8515 /* ChartData.json in Resources */,
				58E8142C2787DA8B00BD8515 /* ChartData5.json in Resources */,
				58E814362787DCE200BD8515 /* Assets.xcassets in Resources */,
				58E8142D2787DA8B00BD8515 /* ChartData3.json in Resources */,
				58E814272787DA8B00BD8515 /* ChartData6.json in Resources */,
			);
			runOnlyForDeploymentPostprocessing = 0;
		};
/* End PBXResourcesBuildPhase section */

/* Begin PBXSourcesBuildPhase section */
		580FB62E274255F8003B4AEC /* Sources */ = {
			isa = PBXSourcesBuildPhase;
			buildActionMask = 2147483647;
			files = (
				584B1EAE274494030031C776 /* BarView.swift in Sources */,
				584247472745E62F00679A22 /* Line.swift in Sources */,
				583BF48B2743514E00626C13 /* AxisData.swift in Sources */,
				580A5A2A2755CC39007A7AA6 /* LegendView.swift in Sources */,
				5842496E27465B2000679A22 /* LineExtension.swift in Sources */,
				582E0DD92750836B009CC1FD /* ScatterPlot.swift in Sources */,
				5842496C2746501300679A22 /* LinePlot.swift in Sources */,
				581C3AA7274B6C9700C2EA6B /* MarkType.swift in Sources */,
				585498B42743A5160053DAA2 /* Bar.swift in Sources */,
				58C68092274798A900519FA1 /* LabelStyle.swift in Sources */,
				584B1EB42744A5E60031C776 /* BarStyle.swift in Sources */,
				583BFD76274509D400AE4D97 /* BarChartExtension.swift in Sources */,
				580FB68427426325003B4AEC /* IntFormatter.swift in Sources */,
				580FB682274262E0003B4AEC /* NumberFormatter.swift in Sources */,
				580A5A322756173D007A7AA6 /* PieView.swift in Sources */,
				58AD9302274E3D97001CB3B5 /* PiePlot.swift in Sources */,
				582E0DDD2750AB61009CC1FD /* ScatterView.swift in Sources */,
				58B32808274F1F830004B2C1 /* AxisViewExtension.swift in Sources */,
				58AD9305274E4384001CB3B5 /* ScrollableModifier.swift in Sources */,
				582E0DDB27508A0B009CC1FD /* ScatterData.swift in Sources */,
				5873D2552754A56E00E2E9BC /* Axisable.swift in Sources */,
				582E0DDF2750ACD9009CC1FD /* ScatterShape.swift in Sources */,
				580FB637274255F8003B4AEC /* PrettyAxis.docc in Sources */,
				58E08F31274F669D0094E683 /* RadarReferenceLine.swift in Sources */,
				58AD9300274E3C9D001CB3B5 /* PieStyle.swift in Sources */,
				58FB37652750C13A00963EB3 /* ScatterExtension.swift in Sources */,
				580FB67F274256D0003B4AEC /* ReferenceLineView.swift in Sources */,
				580A5A39275627A9007A7AA6 /* DoughnutSlice.swift in Sources */,
				584B1EB22744A3E40031C776 /* AxisStyle.swift in Sources */,
				580A5A2C2755CDB8007A7AA6 /* LegendModifier.swift in Sources */,
				581C3AA1274B6BC400C2EA6B /* LineMark.swift in Sources */,
				581C3AB4274B745700C2EA6B /* Type.swift in Sources */,
				587114632761D74C00455BA0 /* ReferenceLineYAxisView.swift in Sources */,
				580A5A30275615E1007A7AA6 /* PieSlice.swift in Sources */,
				587114652761E24300455BA0 /* CalendarGraphViewExtension.swift in Sources */,
				58B32806274F1ECE0004B2C1 /* RadarPlot.swift in Sources */,
				58E08F2E274F34F10094E683 /* RadarExtension.swift in Sources */,
				581965EA27858A46006F286C /* LineValue.swift in Sources */,
				584B1EBD2744E7CF0031C776 /* BarPlot.swift in Sources */,
				580FB67B27425644003B4AEC /* AxisView.swift in Sources */,
				584B1EBB2744E7790031C776 /* Plot.swift in Sources */,
				587114532761AC6600455BA0 /* CalendarGraphStyle.swift in Sources */,
				58E08F2C274F2D100094E683 /* RadarShap.swift in Sources */,
				58E08F2A274F2CFE0094E683 /* RaderView.swift in Sources */,
				584B1EB72744CEDE0031C776 /* ReferenceLineStyle.swift in Sources */,
				580A5A2E2755D238007A7AA6 /* LegendStyle.swift in Sources */,
				5842496A27464FEC00679A22 /* LineView.swift in Sources */,
				58E08F28274F25380094E683 /* RadarStyle.swift in Sources */,
				58AE9FDA275712B200FB6257 /* PieExtension.swift in Sources */,
				587114512761A71600455BA0 /* CalendarGraphPlot.swift in Sources */,
				582E0DD727508344009CC1FD /* ScatterStyle.swift in Sources */,
				5842496827464DA600679A22 /* LineStyle.swift in Sources */,
				587114552761AD7F00455BA0 /* CalendarGraphView.swift in Sources */,
			);
			runOnlyForDeploymentPostprocessing = 0;
		};
		580FB638274255F8003B4AEC /* Sources */ = {
			isa = PBXSourcesBuildPhase;
			buildActionMask = 2147483647;
			files = (
				580FB642274255F8003B4AEC /* PrettyAxisTests.swift in Sources */,
			);
			runOnlyForDeploymentPostprocessing = 0;
		};
		580FB64C27425629003B4AEC /* Sources */ = {
			isa = PBXSourcesBuildPhase;
			buildActionMask = 2147483647;
			files = (
				580A5A3A275627A9007A7AA6 /* DoughnutSlice.swift in Sources */,
				5864337F275DAA4900CDBA35 /* SigngleView.swift in Sources */,
				580FB65527425629003B4AEC /* ContentView.swift in Sources */,
				580FB65327425629003B4AEC /* ExampleApp.swift in Sources */,
				581C3AAC274B723500C2EA6B /* TestChartData.swift in Sources */,
				581C3AAA274B723500C2EA6B /* PreviewData.swift in Sources */,
			);
			runOnlyForDeploymentPostprocessing = 0;
		};
		580FB65B2742562C003B4AEC /* Sources */ = {
			isa = PBXSourcesBuildPhase;
			buildActionMask = 2147483647;
			files = (
				580FB6642742562C003B4AEC /* ExampleTests.swift in Sources */,
			);
			runOnlyForDeploymentPostprocessing = 0;
		};
		580FB6652742562C003B4AEC /* Sources */ = {
			isa = PBXSourcesBuildPhase;
			buildActionMask = 2147483647;
			files = (
				580FB66E2742562C003B4AEC /* ExampleUITests.swift in Sources */,
				580FB6702742562C003B4AEC /* ExampleUITestsLaunchTests.swift in Sources */,
			);
			runOnlyForDeploymentPostprocessing = 0;
		};
		5815EBF42786DE900072ACE9 /* Sources */ = {
			isa = PBXSourcesBuildPhase;
			buildActionMask = 2147483647;
			files = (
				5815EC3E2786DEF60072ACE9 /* AxisStyle.swift in Sources */,
				5815EC2A2786DEE30072ACE9 /* DoughnutSlice.swift in Sources */,
				5815EC1C2786DEDB0072ACE9 /* ScatterShape.swift in Sources */,
				5815EC402786DEF60072ACE9 /* ReferenceLineStyle.swift in Sources */,
				5815EC112786DECF0072ACE9 /* LegendModifier.swift in Sources */,
				5815EC272786DEE30072ACE9 /* PieSlice.swift in Sources */,
				5815EC382786DEEC0072ACE9 /* BarChartExtension.swift in Sources */,
				5815EC172786DED80072ACE9 /* CalendarGraphView.swift in Sources */,
				5815EC152786DED50072ACE9 /* AxisData.swift in Sources */,
				5815EC132786DED30072ACE9 /* MarkType.swift in Sources */,
				5815EC252786DEDF0072ACE9 /* RadarExtension.swift in Sources */,
				5815EC372786DEEC0072ACE9 /* Plot.swift in Sources */,
				5815EC392786DEEF0072ACE9 /* NumberFormatter.swift in Sources */,
				5815EC282786DEE30072ACE9 /* PiePlot.swift in Sources */,
				5815EC2F2786DEE70072ACE9 /* Line.swift in Sources */,
				5815EC1B2786DEDB0072ACE9 /* ScatterView.swift in Sources */,
				5815EC1D2786DEDB0072ACE9 /* ScatterStyle.swift in Sources */,
				5815EC3F2786DEF60072ACE9 /* LabelStyle.swift in Sources */,
				5815EC362786DEEC0072ACE9 /* BarPlot.swift in Sources */,
				5815EC3B2786DEF60072ACE9 /* AxisViewExtension.swift in Sources */,
				5815EC3A2786DEEF0072ACE9 /* IntFormatter.swift in Sources */,
				5815EC2D2786DEE70072ACE9 /* LineValue.swift in Sources */,
				5815EC2E2786DEE70072ACE9 /* LineView.swift in Sources */,
				5815EC312786DEE70072ACE9 /* LinePlot.swift in Sources */,
				5815EC122786DECF0072ACE9 /* ScrollableModifier.swift in Sources */,
				5815EC302786DEE70072ACE9 /* LineStyle.swift in Sources */,
				5815EC2C2786DEE70072ACE9 /* LineMark.swift in Sources */,
				5815EC232786DEDF0072ACE9 /* RadarPlot.swift in Sources */,
				5815EC342786DEEC0072ACE9 /* Bar.swift in Sources */,
				5815EC322786DEE70072ACE9 /* LineExtension.swift in Sources */,
				5815EC1A2786DEDB0072ACE9 /* ScatterPlot.swift in Sources */,
				5815EC212786DEDF0072ACE9 /* RaderView.swift in Sources */,
				5815EC412786DEF60072ACE9 /* ReferenceLineYAxisView.swift in Sources */,
				5815EC102786DECC0072ACE9 /* LegendStyle.swift in Sources */,
				5815EC0F2786DECC0072ACE9 /* LegendView.swift in Sources */,
				5815EC222786DEDF0072ACE9 /* RadarShap.swift in Sources */,
				5815EC332786DEEC0072ACE9 /* BarView.swift in Sources */,
				5815EC2B2786DEE30072ACE9 /* PieStyle.swift in Sources */,
				5815EC192786DED80072ACE9 /* CalendarGraphStyle.swift in Sources */,
				5815EC202786DEDF0072ACE9 /* RadarStyle.swift in Sources */,
				5815EC292786DEE30072ACE9 /* PieExtension.swift in Sources */,
				5815EC262786DEE30072ACE9 /* PieView.swift in Sources */,
				5815EC352786DEEC0072ACE9 /* BarStyle.swift in Sources */,
				5815EC1E2786DEDB0072ACE9 /* ScatterData.swift in Sources */,
				5815EC182786DED80072ACE9 /* CalendarGraphPlot.swift in Sources */,
				5815EC1F2786DEDB0072ACE9 /* ScatterExtension.swift in Sources */,
				5815EC422786DEF60072ACE9 /* Axisable.swift in Sources */,
				5815EC162786DED80072ACE9 /* CalendarGraphViewExtension.swift in Sources */,
				5815EC3D2786DEF60072ACE9 /* AxisView.swift in Sources */,
				5815EC242786DEDF0072ACE9 /* RadarReferenceLine.swift in Sources */,
				5815EC3C2786DEF60072ACE9 /* ReferenceLineView.swift in Sources */,
				5815EC142786DED30072ACE9 /* Type.swift in Sources */,
			);
			runOnlyForDeploymentPostprocessing = 0;
		};
		58E813F42787D98F00BD8515 /* Sources */ = {
			isa = PBXSourcesBuildPhase;
			buildActionMask = 2147483647;
			files = (
				58E814352787DB7700BD8515 /* TestChartData.swift in Sources */,
				58E814342787DB7700BD8515 /* PreviewData.swift in Sources */,
				58E814252787D9CC00BD8515 /* ExampleApp.swift in Sources */,
				58E814242787D9CC00BD8515 /* ContentView.swift in Sources */,
				58E814232787D9CC00BD8515 /* SigngleView.swift in Sources */,
			);
			runOnlyForDeploymentPostprocessing = 0;
		};
/* End PBXSourcesBuildPhase section */

/* Begin PBXTargetDependency section */
		580FB63F274255F8003B4AEC /* PBXTargetDependency */ = {
			isa = PBXTargetDependency;
			target = 580FB631274255F8003B4AEC /* PrettyAxis */;
			targetProxy = 580FB63E274255F8003B4AEC /* PBXContainerItemProxy */;
		};
		580FB6612742562C003B4AEC /* PBXTargetDependency */ = {
			isa = PBXTargetDependency;
			target = 580FB64F27425629003B4AEC /* Example */;
			targetProxy = 580FB6602742562C003B4AEC /* PBXContainerItemProxy */;
		};
		580FB66B2742562C003B4AEC /* PBXTargetDependency */ = {
			isa = PBXTargetDependency;
			target = 580FB64F27425629003B4AEC /* Example */;
			targetProxy = 580FB66A2742562C003B4AEC /* PBXContainerItemProxy */;
		};
		581C3AB1274B727E00C2EA6B /* PBXTargetDependency */ = {
			isa = PBXTargetDependency;
			target = 580FB631274255F8003B4AEC /* PrettyAxis */;
			targetProxy = 581C3AB0274B727E00C2EA6B /* PBXContainerItemProxy */;
		};
		58E8143B2787DE6D00BD8515 /* PBXTargetDependency */ = {
			isa = PBXTargetDependency;
			target = 5815EBF72786DE900072ACE9 /* PrettyAxis-macOS */;
			targetProxy = 58E8143A2787DE6D00BD8515 /* PBXContainerItemProxy */;
		};
/* End PBXTargetDependency section */

/* Begin XCBuildConfiguration section */
		580FB644274255F8003B4AEC /* Debug */ = {
			isa = XCBuildConfiguration;
			buildSettings = {
				ALWAYS_SEARCH_USER_PATHS = NO;
				CLANG_ANALYZER_NONNULL = YES;
				CLANG_ANALYZER_NUMBER_OBJECT_CONVERSION = YES_AGGRESSIVE;
				CLANG_CXX_LANGUAGE_STANDARD = "gnu++17";
				CLANG_CXX_LIBRARY = "libc++";
				CLANG_ENABLE_MODULES = YES;
				CLANG_ENABLE_OBJC_ARC = YES;
				CLANG_ENABLE_OBJC_WEAK = YES;
				CLANG_WARN_BLOCK_CAPTURE_AUTORELEASING = YES;
				CLANG_WARN_BOOL_CONVERSION = YES;
				CLANG_WARN_COMMA = YES;
				CLANG_WARN_CONSTANT_CONVERSION = YES;
				CLANG_WARN_DEPRECATED_OBJC_IMPLEMENTATIONS = YES;
				CLANG_WARN_DIRECT_OBJC_ISA_USAGE = YES_ERROR;
				CLANG_WARN_DOCUMENTATION_COMMENTS = YES;
				CLANG_WARN_EMPTY_BODY = YES;
				CLANG_WARN_ENUM_CONVERSION = YES;
				CLANG_WARN_INFINITE_RECURSION = YES;
				CLANG_WARN_INT_CONVERSION = YES;
				CLANG_WARN_NON_LITERAL_NULL_CONVERSION = YES;
				CLANG_WARN_OBJC_IMPLICIT_RETAIN_SELF = YES;
				CLANG_WARN_OBJC_LITERAL_CONVERSION = YES;
				CLANG_WARN_OBJC_ROOT_CLASS = YES_ERROR;
				CLANG_WARN_QUOTED_INCLUDE_IN_FRAMEWORK_HEADER = YES;
				CLANG_WARN_RANGE_LOOP_ANALYSIS = YES;
				CLANG_WARN_STRICT_PROTOTYPES = YES;
				CLANG_WARN_SUSPICIOUS_MOVE = YES;
				CLANG_WARN_UNGUARDED_AVAILABILITY = YES_AGGRESSIVE;
				CLANG_WARN_UNREACHABLE_CODE = YES;
				CLANG_WARN__DUPLICATE_METHOD_MATCH = YES;
				COPY_PHASE_STRIP = NO;
				CURRENT_PROJECT_VERSION = 1;
				DEBUG_INFORMATION_FORMAT = dwarf;
				ENABLE_STRICT_OBJC_MSGSEND = YES;
				ENABLE_TESTABILITY = YES;
				GCC_C_LANGUAGE_STANDARD = gnu11;
				GCC_DYNAMIC_NO_PIC = NO;
				GCC_NO_COMMON_BLOCKS = YES;
				GCC_OPTIMIZATION_LEVEL = 0;
				GCC_PREPROCESSOR_DEFINITIONS = (
					"DEBUG=1",
					"$(inherited)",
				);
				GCC_WARN_64_TO_32_BIT_CONVERSION = YES;
				GCC_WARN_ABOUT_RETURN_TYPE = YES_ERROR;
				GCC_WARN_UNDECLARED_SELECTOR = YES;
				GCC_WARN_UNINITIALIZED_AUTOS = YES_AGGRESSIVE;
				GCC_WARN_UNUSED_FUNCTION = YES;
				GCC_WARN_UNUSED_VARIABLE = YES;
				IPHONEOS_DEPLOYMENT_TARGET = 15.0;
				MTL_ENABLE_DEBUG_INFO = INCLUDE_SOURCE;
				MTL_FAST_MATH = YES;
				ONLY_ACTIVE_ARCH = YES;
				SDKROOT = iphoneos;
				SWIFT_ACTIVE_COMPILATION_CONDITIONS = DEBUG;
				SWIFT_OPTIMIZATION_LEVEL = "-Onone";
				VERSIONING_SYSTEM = "apple-generic";
				VERSION_INFO_PREFIX = "";
			};
			name = Debug;
		};
		580FB645274255F8003B4AEC /* Release */ = {
			isa = XCBuildConfiguration;
			buildSettings = {
				ALWAYS_SEARCH_USER_PATHS = NO;
				CLANG_ANALYZER_NONNULL = YES;
				CLANG_ANALYZER_NUMBER_OBJECT_CONVERSION = YES_AGGRESSIVE;
				CLANG_CXX_LANGUAGE_STANDARD = "gnu++17";
				CLANG_CXX_LIBRARY = "libc++";
				CLANG_ENABLE_MODULES = YES;
				CLANG_ENABLE_OBJC_ARC = YES;
				CLANG_ENABLE_OBJC_WEAK = YES;
				CLANG_WARN_BLOCK_CAPTURE_AUTORELEASING = YES;
				CLANG_WARN_BOOL_CONVERSION = YES;
				CLANG_WARN_COMMA = YES;
				CLANG_WARN_CONSTANT_CONVERSION = YES;
				CLANG_WARN_DEPRECATED_OBJC_IMPLEMENTATIONS = YES;
				CLANG_WARN_DIRECT_OBJC_ISA_USAGE = YES_ERROR;
				CLANG_WARN_DOCUMENTATION_COMMENTS = YES;
				CLANG_WARN_EMPTY_BODY = YES;
				CLANG_WARN_ENUM_CONVERSION = YES;
				CLANG_WARN_INFINITE_RECURSION = YES;
				CLANG_WARN_INT_CONVERSION = YES;
				CLANG_WARN_NON_LITERAL_NULL_CONVERSION = YES;
				CLANG_WARN_OBJC_IMPLICIT_RETAIN_SELF = YES;
				CLANG_WARN_OBJC_LITERAL_CONVERSION = YES;
				CLANG_WARN_OBJC_ROOT_CLASS = YES_ERROR;
				CLANG_WARN_QUOTED_INCLUDE_IN_FRAMEWORK_HEADER = YES;
				CLANG_WARN_RANGE_LOOP_ANALYSIS = YES;
				CLANG_WARN_STRICT_PROTOTYPES = YES;
				CLANG_WARN_SUSPICIOUS_MOVE = YES;
				CLANG_WARN_UNGUARDED_AVAILABILITY = YES_AGGRESSIVE;
				CLANG_WARN_UNREACHABLE_CODE = YES;
				CLANG_WARN__DUPLICATE_METHOD_MATCH = YES;
				COPY_PHASE_STRIP = NO;
				CURRENT_PROJECT_VERSION = 1;
				DEBUG_INFORMATION_FORMAT = "dwarf-with-dsym";
				ENABLE_NS_ASSERTIONS = NO;
				ENABLE_STRICT_OBJC_MSGSEND = YES;
				GCC_C_LANGUAGE_STANDARD = gnu11;
				GCC_NO_COMMON_BLOCKS = YES;
				GCC_WARN_64_TO_32_BIT_CONVERSION = YES;
				GCC_WARN_ABOUT_RETURN_TYPE = YES_ERROR;
				GCC_WARN_UNDECLARED_SELECTOR = YES;
				GCC_WARN_UNINITIALIZED_AUTOS = YES_AGGRESSIVE;
				GCC_WARN_UNUSED_FUNCTION = YES;
				GCC_WARN_UNUSED_VARIABLE = YES;
				IPHONEOS_DEPLOYMENT_TARGET = 15.0;
				MTL_ENABLE_DEBUG_INFO = NO;
				MTL_FAST_MATH = YES;
				SDKROOT = iphoneos;
				SWIFT_COMPILATION_MODE = wholemodule;
				SWIFT_OPTIMIZATION_LEVEL = "-O";
				VALIDATE_PRODUCT = YES;
				VERSIONING_SYSTEM = "apple-generic";
				VERSION_INFO_PREFIX = "";
			};
			name = Release;
		};
		580FB647274255F8003B4AEC /* Debug */ = {
			isa = XCBuildConfiguration;
			buildSettings = {
				CODE_SIGN_STYLE = Automatic;
				CURRENT_PROJECT_VERSION = 1;
				DEFINES_MODULE = YES;
				DEVELOPMENT_TEAM = "";
				DYLIB_COMPATIBILITY_VERSION = 1;
				DYLIB_CURRENT_VERSION = 1;
				DYLIB_INSTALL_NAME_BASE = "@rpath";
				GENERATE_INFOPLIST_FILE = YES;
				INFOPLIST_KEY_NSHumanReadableCopyright = "";
				INSTALL_PATH = "$(LOCAL_LIBRARY_DIR)/Frameworks";
				IPHONEOS_DEPLOYMENT_TARGET = 15.0;
				"IPHONEOS_DEPLOYMENT_TARGET[sdk=macosx*]" = 13.1;
				LD_RUNPATH_SEARCH_PATHS = (
					"$(inherited)",
					"@executable_path/Frameworks",
					"@loader_path/Frameworks",
				);
				MARKETING_VERSION = 1.0;
				PRODUCT_BUNDLE_IDENTIFIER = RiuHDuo.PrettyAxis;
				PRODUCT_NAME = "$(TARGET_NAME:c99extidentifier)";
				SKIP_INSTALL = YES;
				SUPPORTS_MACCATALYST = NO;
				SWIFT_EMIT_LOC_STRINGS = YES;
				SWIFT_VERSION = 5.0;
				TARGETED_DEVICE_FAMILY = "1,2";
			};
			name = Debug;
		};
		580FB648274255F8003B4AEC /* Release */ = {
			isa = XCBuildConfiguration;
			buildSettings = {
				CODE_SIGN_STYLE = Automatic;
				CURRENT_PROJECT_VERSION = 1;
				DEFINES_MODULE = YES;
				DEVELOPMENT_TEAM = "";
				DYLIB_COMPATIBILITY_VERSION = 1;
				DYLIB_CURRENT_VERSION = 1;
				DYLIB_INSTALL_NAME_BASE = "@rpath";
				GENERATE_INFOPLIST_FILE = YES;
				INFOPLIST_KEY_NSHumanReadableCopyright = "";
				INSTALL_PATH = "$(LOCAL_LIBRARY_DIR)/Frameworks";
				IPHONEOS_DEPLOYMENT_TARGET = 15.0;
				"IPHONEOS_DEPLOYMENT_TARGET[sdk=macosx*]" = 13.1;
				LD_RUNPATH_SEARCH_PATHS = (
					"$(inherited)",
					"@executable_path/Frameworks",
					"@loader_path/Frameworks",
				);
				MARKETING_VERSION = 1.0;
				PRODUCT_BUNDLE_IDENTIFIER = RiuHDuo.PrettyAxis;
				PRODUCT_NAME = "$(TARGET_NAME:c99extidentifier)";
				SKIP_INSTALL = YES;
				SUPPORTS_MACCATALYST = NO;
				SWIFT_EMIT_LOC_STRINGS = YES;
				SWIFT_VERSION = 5.0;
				TARGETED_DEVICE_FAMILY = "1,2";
			};
			name = Release;
		};
		580FB64A274255F8003B4AEC /* Debug */ = {
			isa = XCBuildConfiguration;
			buildSettings = {
				ALWAYS_EMBED_SWIFT_STANDARD_LIBRARIES = YES;
				CODE_SIGN_STYLE = Automatic;
				CURRENT_PROJECT_VERSION = 1;
				DEVELOPMENT_TEAM = SRF8YC65SU;
				GENERATE_INFOPLIST_FILE = YES;
				LD_RUNPATH_SEARCH_PATHS = (
					"$(inherited)",
					"@executable_path/Frameworks",
					"@loader_path/Frameworks",
				);
				MARKETING_VERSION = 1.0;
				PRODUCT_BUNDLE_IDENTIFIER = RiuHDuo.PrettyAxisTests;
				PRODUCT_NAME = "$(TARGET_NAME)";
				SWIFT_EMIT_LOC_STRINGS = NO;
				SWIFT_VERSION = 5.0;
				TARGETED_DEVICE_FAMILY = "1,2";
			};
			name = Debug;
		};
		580FB64B274255F8003B4AEC /* Release */ = {
			isa = XCBuildConfiguration;
			buildSettings = {
				ALWAYS_EMBED_SWIFT_STANDARD_LIBRARIES = YES;
				CODE_SIGN_STYLE = Automatic;
				CURRENT_PROJECT_VERSION = 1;
				DEVELOPMENT_TEAM = SRF8YC65SU;
				GENERATE_INFOPLIST_FILE = YES;
				LD_RUNPATH_SEARCH_PATHS = (
					"$(inherited)",
					"@executable_path/Frameworks",
					"@loader_path/Frameworks",
				);
				MARKETING_VERSION = 1.0;
				PRODUCT_BUNDLE_IDENTIFIER = RiuHDuo.PrettyAxisTests;
				PRODUCT_NAME = "$(TARGET_NAME)";
				SWIFT_EMIT_LOC_STRINGS = NO;
				SWIFT_VERSION = 5.0;
				TARGETED_DEVICE_FAMILY = "1,2";
			};
			name = Release;
		};
		580FB6722742562C003B4AEC /* Debug */ = {
			isa = XCBuildConfiguration;
			buildSettings = {
				ASSETCATALOG_COMPILER_APPICON_NAME = AppIcon;
				ASSETCATALOG_COMPILER_GLOBAL_ACCENT_COLOR_NAME = AccentColor;
				CODE_SIGN_ENTITLEMENTS = Example/Example.entitlements;
				CODE_SIGN_STYLE = Automatic;
				CURRENT_PROJECT_VERSION = 1;
				DEVELOPMENT_ASSET_PATHS = "\"Example/Preview Content\"";
				DEVELOPMENT_TEAM = SRF8YC65SU;
				ENABLE_PREVIEWS = YES;
				GENERATE_INFOPLIST_FILE = YES;
				INFOPLIST_KEY_UIApplicationSceneManifest_Generation = YES;
				INFOPLIST_KEY_UIApplicationSupportsIndirectInputEvents = YES;
				INFOPLIST_KEY_UILaunchScreen_Generation = YES;
				INFOPLIST_KEY_UISupportedInterfaceOrientations = "UIInterfaceOrientationLandscapeLeft UIInterfaceOrientationLandscapeRight";
				INFOPLIST_KEY_UISupportedInterfaceOrientations_iPad = "UIInterfaceOrientationPortrait UIInterfaceOrientationPortraitUpsideDown UIInterfaceOrientationLandscapeLeft UIInterfaceOrientationLandscapeRight";
				INFOPLIST_KEY_UISupportedInterfaceOrientations_iPhone = "UIInterfaceOrientationPortrait UIInterfaceOrientationLandscapeLeft UIInterfaceOrientationLandscapeRight";
				LD_RUNPATH_SEARCH_PATHS = (
					"$(inherited)",
					"@executable_path/Frameworks",
				);
				MARKETING_VERSION = 1.0;
				PRODUCT_BUNDLE_IDENTIFIER = RiuHDuo.Example;
				PRODUCT_NAME = "$(TARGET_NAME)";
				SUPPORTS_MACCATALYST = NO;
				SWIFT_EMIT_LOC_STRINGS = YES;
				SWIFT_VERSION = 5.0;
				TARGETED_DEVICE_FAMILY = "1,2";
			};
			name = Debug;
		};
		580FB6732742562C003B4AEC /* Release */ = {
			isa = XCBuildConfiguration;
			buildSettings = {
				ASSETCATALOG_COMPILER_APPICON_NAME = AppIcon;
				ASSETCATALOG_COMPILER_GLOBAL_ACCENT_COLOR_NAME = AccentColor;
				CODE_SIGN_ENTITLEMENTS = Example/Example.entitlements;
				CODE_SIGN_STYLE = Automatic;
				CURRENT_PROJECT_VERSION = 1;
				DEVELOPMENT_ASSET_PATHS = "\"Example/Preview Content\"";
				DEVELOPMENT_TEAM = SRF8YC65SU;
				ENABLE_PREVIEWS = YES;
				GENERATE_INFOPLIST_FILE = YES;
				INFOPLIST_KEY_UIApplicationSceneManifest_Generation = YES;
				INFOPLIST_KEY_UIApplicationSupportsIndirectInputEvents = YES;
				INFOPLIST_KEY_UILaunchScreen_Generation = YES;
				INFOPLIST_KEY_UISupportedInterfaceOrientations = "UIInterfaceOrientationLandscapeLeft UIInterfaceOrientationLandscapeRight";
				INFOPLIST_KEY_UISupportedInterfaceOrientations_iPad = "UIInterfaceOrientationPortrait UIInterfaceOrientationPortraitUpsideDown UIInterfaceOrientationLandscapeLeft UIInterfaceOrientationLandscapeRight";
				INFOPLIST_KEY_UISupportedInterfaceOrientations_iPhone = "UIInterfaceOrientationPortrait UIInterfaceOrientationLandscapeLeft UIInterfaceOrientationLandscapeRight";
				LD_RUNPATH_SEARCH_PATHS = (
					"$(inherited)",
					"@executable_path/Frameworks",
				);
				MARKETING_VERSION = 1.0;
				PRODUCT_BUNDLE_IDENTIFIER = RiuHDuo.Example;
				PRODUCT_NAME = "$(TARGET_NAME)";
				SUPPORTS_MACCATALYST = NO;
				SWIFT_EMIT_LOC_STRINGS = YES;
				SWIFT_VERSION = 5.0;
				TARGETED_DEVICE_FAMILY = "1,2";
			};
			name = Release;
		};
		580FB6752742562C003B4AEC /* Debug */ = {
			isa = XCBuildConfiguration;
			buildSettings = {
				ALWAYS_EMBED_SWIFT_STANDARD_LIBRARIES = YES;
				BUNDLE_LOADER = "$(TEST_HOST)";
				CODE_SIGN_STYLE = Automatic;
				CURRENT_PROJECT_VERSION = 1;
				DEVELOPMENT_TEAM = SRF8YC65SU;
				GENERATE_INFOPLIST_FILE = YES;
				IPHONEOS_DEPLOYMENT_TARGET = 15.0;
				LD_RUNPATH_SEARCH_PATHS = (
					"$(inherited)",
					"@executable_path/Frameworks",
					"@loader_path/Frameworks",
				);
				MARKETING_VERSION = 1.0;
				PRODUCT_BUNDLE_IDENTIFIER = RiuHDuo.ExampleTests;
				PRODUCT_NAME = "$(TARGET_NAME)";
				SWIFT_EMIT_LOC_STRINGS = NO;
				SWIFT_VERSION = 5.0;
				TARGETED_DEVICE_FAMILY = "1,2";
				TEST_HOST = "$(BUILT_PRODUCTS_DIR)/Example.app/Example";
			};
			name = Debug;
		};
		580FB6762742562C003B4AEC /* Release */ = {
			isa = XCBuildConfiguration;
			buildSettings = {
				ALWAYS_EMBED_SWIFT_STANDARD_LIBRARIES = YES;
				BUNDLE_LOADER = "$(TEST_HOST)";
				CODE_SIGN_STYLE = Automatic;
				CURRENT_PROJECT_VERSION = 1;
				DEVELOPMENT_TEAM = SRF8YC65SU;
				GENERATE_INFOPLIST_FILE = YES;
				IPHONEOS_DEPLOYMENT_TARGET = 15.0;
				LD_RUNPATH_SEARCH_PATHS = (
					"$(inherited)",
					"@executable_path/Frameworks",
					"@loader_path/Frameworks",
				);
				MARKETING_VERSION = 1.0;
				PRODUCT_BUNDLE_IDENTIFIER = RiuHDuo.ExampleTests;
				PRODUCT_NAME = "$(TARGET_NAME)";
				SWIFT_EMIT_LOC_STRINGS = NO;
				SWIFT_VERSION = 5.0;
				TARGETED_DEVICE_FAMILY = "1,2";
				TEST_HOST = "$(BUILT_PRODUCTS_DIR)/Example.app/Example";
			};
			name = Release;
		};
		580FB6782742562C003B4AEC /* Debug */ = {
			isa = XCBuildConfiguration;
			buildSettings = {
				ALWAYS_EMBED_SWIFT_STANDARD_LIBRARIES = YES;
				CODE_SIGN_STYLE = Automatic;
				CURRENT_PROJECT_VERSION = 1;
				DEVELOPMENT_TEAM = SRF8YC65SU;
				GENERATE_INFOPLIST_FILE = YES;
				LD_RUNPATH_SEARCH_PATHS = (
					"$(inherited)",
					"@executable_path/Frameworks",
					"@loader_path/Frameworks",
				);
				MARKETING_VERSION = 1.0;
				PRODUCT_BUNDLE_IDENTIFIER = RiuHDuo.ExampleUITests;
				PRODUCT_NAME = "$(TARGET_NAME)";
				SWIFT_EMIT_LOC_STRINGS = NO;
				SWIFT_VERSION = 5.0;
				TARGETED_DEVICE_FAMILY = "1,2";
				TEST_TARGET_NAME = Example;
			};
			name = Debug;
		};
		580FB6792742562C003B4AEC /* Release */ = {
			isa = XCBuildConfiguration;
			buildSettings = {
				ALWAYS_EMBED_SWIFT_STANDARD_LIBRARIES = YES;
				CODE_SIGN_STYLE = Automatic;
				CURRENT_PROJECT_VERSION = 1;
				DEVELOPMENT_TEAM = SRF8YC65SU;
				GENERATE_INFOPLIST_FILE = YES;
				LD_RUNPATH_SEARCH_PATHS = (
					"$(inherited)",
					"@executable_path/Frameworks",
					"@loader_path/Frameworks",
				);
				MARKETING_VERSION = 1.0;
				PRODUCT_BUNDLE_IDENTIFIER = RiuHDuo.ExampleUITests;
				PRODUCT_NAME = "$(TARGET_NAME)";
				SWIFT_EMIT_LOC_STRINGS = NO;
				SWIFT_VERSION = 5.0;
				TARGETED_DEVICE_FAMILY = "1,2";
				TEST_TARGET_NAME = Example;
			};
			name = Release;
		};
		5815EC0A2786DE900072ACE9 /* Debug */ = {
			isa = XCBuildConfiguration;
			buildSettings = {
				CODE_SIGN_IDENTITY = "Apple Development";
				CODE_SIGN_STYLE = Automatic;
				COMBINE_HIDPI_IMAGES = YES;
				CURRENT_PROJECT_VERSION = 1;
				DEFINES_MODULE = YES;
				DEVELOPMENT_TEAM = VRT543DEFW;
				DYLIB_COMPATIBILITY_VERSION = 1;
				DYLIB_CURRENT_VERSION = 1;
				DYLIB_INSTALL_NAME_BASE = "@rpath";
				GENERATE_INFOPLIST_FILE = YES;
				INFOPLIST_KEY_NSHumanReadableCopyright = "";
				INSTALL_PATH = "$(LOCAL_LIBRARY_DIR)/Frameworks";
				LD_RUNPATH_SEARCH_PATHS = (
					"$(inherited)",
					"@executable_path/../Frameworks",
					"@loader_path/Frameworks",
				);
				MACOSX_DEPLOYMENT_TARGET = 12.1;
				MARKETING_VERSION = 1.0;
				PRODUCT_BUNDLE_IDENTIFIER = RiuHDuo.PrettyAxis;
				PRODUCT_MODULE_NAME = PrettyAxis;
				PRODUCT_NAME = PrettyAxis;
				SDKROOT = macosx;
				SKIP_INSTALL = YES;
				SWIFT_EMIT_LOC_STRINGS = YES;
				SWIFT_VERSION = 5.0;
			};
			name = Debug;
		};
		5815EC0B2786DE900072ACE9 /* Release */ = {
			isa = XCBuildConfiguration;
			buildSettings = {
				CODE_SIGN_IDENTITY = "Apple Development";
				CODE_SIGN_STYLE = Automatic;
				COMBINE_HIDPI_IMAGES = YES;
				CURRENT_PROJECT_VERSION = 1;
				DEFINES_MODULE = YES;
				DEVELOPMENT_TEAM = VRT543DEFW;
				DYLIB_COMPATIBILITY_VERSION = 1;
				DYLIB_CURRENT_VERSION = 1;
				DYLIB_INSTALL_NAME_BASE = "@rpath";
				GENERATE_INFOPLIST_FILE = YES;
				INFOPLIST_KEY_NSHumanReadableCopyright = "";
				INSTALL_PATH = "$(LOCAL_LIBRARY_DIR)/Frameworks";
				LD_RUNPATH_SEARCH_PATHS = (
					"$(inherited)",
					"@executable_path/../Frameworks",
					"@loader_path/Frameworks",
				);
				MACOSX_DEPLOYMENT_TARGET = 12.1;
				MARKETING_VERSION = 1.0;
				PRODUCT_BUNDLE_IDENTIFIER = RiuHDuo.PrettyAxis;
				PRODUCT_MODULE_NAME = PrettyAxis;
				PRODUCT_NAME = PrettyAxis;
				SDKROOT = macosx;
				SKIP_INSTALL = YES;
				SWIFT_EMIT_LOC_STRINGS = YES;
				SWIFT_VERSION = 5.0;
			};
			name = Release;
		};
		58E8141A2787D99100BD8515 /* Debug */ = {
			isa = XCBuildConfiguration;
			buildSettings = {
				ASSETCATALOG_COMPILER_APPICON_NAME = AppIcon;
				ASSETCATALOG_COMPILER_GLOBAL_ACCENT_COLOR_NAME = AccentColor;
				CODE_SIGN_ENTITLEMENTS = Example/Example_macOS.entitlements;
				CODE_SIGN_IDENTITY = "Apple Development";
				CODE_SIGN_STYLE = Automatic;
				COMBINE_HIDPI_IMAGES = YES;
				CURRENT_PROJECT_VERSION = 1;
				DEVELOPMENT_ASSET_PATHS = "\"Example/Preview Content\"";
				DEVELOPMENT_TEAM = VRT543DEFW;
				ENABLE_HARDENED_RUNTIME = YES;
				ENABLE_PREVIEWS = YES;
				GENERATE_INFOPLIST_FILE = YES;
				INFOPLIST_KEY_NSHumanReadableCopyright = "";
				LD_RUNPATH_SEARCH_PATHS = (
					"$(inherited)",
					"@executable_path/../Frameworks",
				);
				MACOSX_DEPLOYMENT_TARGET = 12.1;
				MARKETING_VERSION = 1.0;
				PRODUCT_BUNDLE_IDENTIFIER = "RiuHDuo.Example-MacOS";
				PRODUCT_NAME = "$(TARGET_NAME)";
				SDKROOT = macosx;
				SWIFT_EMIT_LOC_STRINGS = YES;
				SWIFT_VERSION = 5.0;
			};
			name = Debug;
		};
		58E8141B2787D99100BD8515 /* Release */ = {
			isa = XCBuildConfiguration;
			buildSettings = {
				ASSETCATALOG_COMPILER_APPICON_NAME = AppIcon;
				ASSETCATALOG_COMPILER_GLOBAL_ACCENT_COLOR_NAME = AccentColor;
				CODE_SIGN_ENTITLEMENTS = Example/Example_macOS.entitlements;
				CODE_SIGN_IDENTITY = "Apple Development";
				CODE_SIGN_STYLE = Automatic;
				COMBINE_HIDPI_IMAGES = YES;
				CURRENT_PROJECT_VERSION = 1;
				DEVELOPMENT_ASSET_PATHS = "\"Example/Preview Content\"";
				DEVELOPMENT_TEAM = VRT543DEFW;
				ENABLE_HARDENED_RUNTIME = YES;
				ENABLE_PREVIEWS = YES;
				GENERATE_INFOPLIST_FILE = YES;
				INFOPLIST_KEY_NSHumanReadableCopyright = "";
				LD_RUNPATH_SEARCH_PATHS = (
					"$(inherited)",
					"@executable_path/../Frameworks",
				);
				MACOSX_DEPLOYMENT_TARGET = 12.1;
				MARKETING_VERSION = 1.0;
				PRODUCT_BUNDLE_IDENTIFIER = "RiuHDuo.Example-MacOS";
				PRODUCT_NAME = "$(TARGET_NAME)";
				SDKROOT = macosx;
				SWIFT_EMIT_LOC_STRINGS = YES;
				SWIFT_VERSION = 5.0;
			};
			name = Release;
		};
/* End XCBuildConfiguration section */

/* Begin XCConfigurationList section */
		580FB62C274255F8003B4AEC /* Build configuration list for PBXProject "PrettyAxis" */ = {
			isa = XCConfigurationList;
			buildConfigurations = (
				580FB644274255F8003B4AEC /* Debug */,
				580FB645274255F8003B4AEC /* Release */,
			);
			defaultConfigurationIsVisible = 0;
			defaultConfigurationName = Release;
		};
		580FB646274255F8003B4AEC /* Build configuration list for PBXNativeTarget "PrettyAxis" */ = {
			isa = XCConfigurationList;
			buildConfigurations = (
				580FB647274255F8003B4AEC /* Debug */,
				580FB648274255F8003B4AEC /* Release */,
			);
			defaultConfigurationIsVisible = 0;
			defaultConfigurationName = Release;
		};
		580FB649274255F8003B4AEC /* Build configuration list for PBXNativeTarget "PrettyAxisTests" */ = {
			isa = XCConfigurationList;
			buildConfigurations = (
				580FB64A274255F8003B4AEC /* Debug */,
				580FB64B274255F8003B4AEC /* Release */,
			);
			defaultConfigurationIsVisible = 0;
			defaultConfigurationName = Release;
		};
		580FB6712742562C003B4AEC /* Build configuration list for PBXNativeTarget "Example" */ = {
			isa = XCConfigurationList;
			buildConfigurations = (
				580FB6722742562C003B4AEC /* Debug */,
				580FB6732742562C003B4AEC /* Release */,
			);
			defaultConfigurationIsVisible = 0;
			defaultConfigurationName = Release;
		};
		580FB6742742562C003B4AEC /* Build configuration list for PBXNativeTarget "ExampleTests" */ = {
			isa = XCConfigurationList;
			buildConfigurations = (
				580FB6752742562C003B4AEC /* Debug */,
				580FB6762742562C003B4AEC /* Release */,
			);
			defaultConfigurationIsVisible = 0;
			defaultConfigurationName = Release;
		};
		580FB6772742562C003B4AEC /* Build configuration list for PBXNativeTarget "ExampleUITests" */ = {
			isa = XCConfigurationList;
			buildConfigurations = (
				580FB6782742562C003B4AEC /* Debug */,
				580FB6792742562C003B4AEC /* Release */,
			);
			defaultConfigurationIsVisible = 0;
			defaultConfigurationName = Release;
		};
		5815EC092786DE900072ACE9 /* Build configuration list for PBXNativeTarget "PrettyAxis-macOS" */ = {
			isa = XCConfigurationList;
			buildConfigurations = (
				5815EC0A2786DE900072ACE9 /* Debug */,
				5815EC0B2786DE900072ACE9 /* Release */,
			);
			defaultConfigurationIsVisible = 0;
			defaultConfigurationName = Release;
		};
		58E814202787D99100BD8515 /* Build configuration list for PBXNativeTarget "Example-macOS" */ = {
			isa = XCConfigurationList;
			buildConfigurations = (
				58E8141A2787D99100BD8515 /* Debug */,
				58E8141B2787D99100BD8515 /* Release */,
			);
			defaultConfigurationIsVisible = 0;
			defaultConfigurationName = Release;
		};
/* End XCConfigurationList section */
	};
	rootObject = 580FB629274255F8003B4AEC /* Project object */;
}
