// !$*UTF8*$!
{
	archiveVersion = 1;
	classes = {
	};
	objectVersion = 55;
	objects = {

/* Begin PBXBuildFile section */
		5831687F281783800075EAD0 /* ReferenceLine.swift in Sources */ = {isa = PBXBuildFile; fileRef = 5831687E281783800075EAD0 /* ReferenceLine.swift */; };
		58316880281783AC0075EAD0 /* ReferenceLine.swift in Sources */ = {isa = PBXBuildFile; fileRef = 5831687E281783800075EAD0 /* ReferenceLine.swift */; };
		58316882281785340075EAD0 /* ReferenceLineModifier.swift in Sources */ = {isa = PBXBuildFile; fileRef = 58316881281785340075EAD0 /* ReferenceLineModifier.swift */; };
		58316883281785500075EAD0 /* ReferenceLineModifier.swift in Sources */ = {isa = PBXBuildFile; fileRef = 58316881281785340075EAD0 /* ReferenceLineModifier.swift */; };
		583168852817A0680075EAD0 /* ValueFormatter.swift in Sources */ = {isa = PBXBuildFile; fileRef = 583168842817A0680075EAD0 /* ValueFormatter.swift */; };
		583168862817A08D0075EAD0 /* ValueFormatter.swift in Sources */ = {isa = PBXBuildFile; fileRef = 583168842817A0680075EAD0 /* ValueFormatter.swift */; };
		583168882817C5D00075EAD0 /* AxisStyle.swift in Sources */ = {isa = PBXBuildFile; fileRef = 583168872817C5D00075EAD0 /* AxisStyle.swift */; };
		583168892817C5D00075EAD0 /* AxisStyle.swift in Sources */ = {isa = PBXBuildFile; fileRef = 583168872817C5D00075EAD0 /* AxisStyle.swift */; };
		5831688F2817E93F0075EAD0 /* ScrollableModifier.swift in Sources */ = {isa = PBXBuildFile; fileRef = 5831688E2817E93F0075EAD0 /* ScrollableModifier.swift */; };
		583168902817E93F0075EAD0 /* ScrollableModifier.swift in Sources */ = {isa = PBXBuildFile; fileRef = 5831688E2817E93F0075EAD0 /* ScrollableModifier.swift */; };
		583867052815296800A1B402 /* PrettyAxis.docc in Sources */ = {isa = PBXBuildFile; fileRef = 583867042815296800A1B402 /* PrettyAxis.docc */; };
		5838670B2815296800A1B402 /* PrettyAxis.framework in Frameworks */ = {isa = PBXBuildFile; fileRef = 583867002815296800A1B402 /* PrettyAxis.framework */; };
		583867102815296800A1B402 /* PrettyAxisTests.swift in Sources */ = {isa = PBXBuildFile; fileRef = 5838670F2815296800A1B402 /* PrettyAxisTests.swift */; };
		583867112815296800A1B402 /* PrettyAxis.h in Headers */ = {isa = PBXBuildFile; fileRef = 583867032815296800A1B402 /* PrettyAxis.h */; settings = {ATTRIBUTES = (Public, ); }; };
		5838671B281529B100A1B402 /* AxisView.swift in Sources */ = {isa = PBXBuildFile; fileRef = 5838671A281529B100A1B402 /* AxisView.swift */; };
		5838671D281529E400A1B402 /* AxisPlot.swift in Sources */ = {isa = PBXBuildFile; fileRef = 5838671C281529E400A1B402 /* AxisPlot.swift */; };
		5838671F28152A0700A1B402 /* XAxisDataProvider.swift in Sources */ = {isa = PBXBuildFile; fileRef = 5838671E28152A0700A1B402 /* XAxisDataProvider.swift */; };
		5838672228152AD000A1B402 /* YAxisDataProvider.swift in Sources */ = {isa = PBXBuildFile; fileRef = 5838672128152AD000A1B402 /* YAxisDataProvider.swift */; };
		5838672428152B0400A1B402 /* Groupable.swift in Sources */ = {isa = PBXBuildFile; fileRef = 5838672328152B0400A1B402 /* Groupable.swift */; };
		5838672728153A1900A1B402 /* LinePlot.swift in Sources */ = {isa = PBXBuildFile; fileRef = 5838672628153A1900A1B402 /* LinePlot.swift */; };
		58386730281553DB00A1B402 /* ReferenceLineStyle.swift in Sources */ = {isa = PBXBuildFile; fileRef = 5838672F281553DB00A1B402 /* ReferenceLineStyle.swift */; };
		58C97D812816745200285A2E /* PrettyAxis.framework in Frameworks */ = {isa = PBXBuildFile; fileRef = 58C97D772816745200285A2E /* PrettyAxis.framework */; };
		58C97D8C2816745200285A2E /* PrettyAxis.framework in Frameworks */ = {isa = PBXBuildFile; fileRef = 58C97D772816745200285A2E /* PrettyAxis.framework */; };
		58C97D8D2816745200285A2E /* PrettyAxis.framework in Embed Frameworks */ = {isa = PBXBuildFile; fileRef = 58C97D772816745200285A2E /* PrettyAxis.framework */; settings = {ATTRIBUTES = (CodeSignOnCopy, RemoveHeadersOnCopy, ); }; };
		58C97D942816746700285A2E /* AxisPlot.swift in Sources */ = {isa = PBXBuildFile; fileRef = 5838671C281529E400A1B402 /* AxisPlot.swift */; };
		58C97D962816746700285A2E /* AxisView.swift in Sources */ = {isa = PBXBuildFile; fileRef = 5838671A281529B100A1B402 /* AxisView.swift */; };
		58C97D972816747200285A2E /* PrettyAxis.h in Headers */ = {isa = PBXBuildFile; fileRef = 583867032815296800A1B402 /* PrettyAxis.h */; };
		58C97D982816747200285A2E /* YAxisDataProvider.swift in Sources */ = {isa = PBXBuildFile; fileRef = 5838672128152AD000A1B402 /* YAxisDataProvider.swift */; };
		58C97D992816747200285A2E /* Groupable.swift in Sources */ = {isa = PBXBuildFile; fileRef = 5838672328152B0400A1B402 /* Groupable.swift */; };
		58C97D9A2816747200285A2E /* XAxisDataProvider.swift in Sources */ = {isa = PBXBuildFile; fileRef = 5838671E28152A0700A1B402 /* XAxisDataProvider.swift */; };
		58C97D9B2816747600285A2E /* Line.swift in Sources */ = {isa = PBXBuildFile; fileRef = 58F72C23281642D100429712 /* Line.swift */; };
		58C97D9C2816747600285A2E /* LineStyle.swift in Sources */ = {isa = PBXBuildFile; fileRef = 58F72C2B28164CEF00429712 /* LineStyle.swift */; };
		58C97D9D2816747600285A2E /* LinePlot.swift in Sources */ = {isa = PBXBuildFile; fileRef = 5838672628153A1900A1B402 /* LinePlot.swift */; };
		58C97D9E2816747600285A2E /* LineDataProtocol.swift in Sources */ = {isa = PBXBuildFile; fileRef = 58F72C25281642E100429712 /* LineDataProtocol.swift */; };
		58C97D9F2816747A00285A2E /* ReferenceLineStyle.swift in Sources */ = {isa = PBXBuildFile; fileRef = 5838672F281553DB00A1B402 /* ReferenceLineStyle.swift */; };
		58C97DA02816747D00285A2E /* LegendModififer.swift in Sources */ = {isa = PBXBuildFile; fileRef = 58F72C272816454C00429712 /* LegendModififer.swift */; };
		58C97DA3281674C300285A2E /* TestChartData.swift in Sources */ = {isa = PBXBuildFile; fileRef = 58C97DA1281674C300285A2E /* TestChartData.swift */; };
		58C97DA4281674C300285A2E /* ChartData.json in Resources */ = {isa = PBXBuildFile; fileRef = 58C97DA2281674C300285A2E /* ChartData.json */; };
		58C97DA62816752200285A2E /* PreviewData.swift in Sources */ = {isa = PBXBuildFile; fileRef = 58C97DA52816752200285A2E /* PreviewData.swift */; };
		58F72C24281642D100429712 /* Line.swift in Sources */ = {isa = PBXBuildFile; fileRef = 58F72C23281642D100429712 /* Line.swift */; };
		58F72C26281642E100429712 /* LineDataProtocol.swift in Sources */ = {isa = PBXBuildFile; fileRef = 58F72C25281642E100429712 /* LineDataProtocol.swift */; };
		58F72C282816454C00429712 /* LegendModififer.swift in Sources */ = {isa = PBXBuildFile; fileRef = 58F72C272816454C00429712 /* LegendModififer.swift */; };
		58F72C2C28164CEF00429712 /* LineStyle.swift in Sources */ = {isa = PBXBuildFile; fileRef = 58F72C2B28164CEF00429712 /* LineStyle.swift */; };
		58F72C8F281673B200429712 /* ContentView.swift in Sources */ = {isa = PBXBuildFile; fileRef = 58F72C8E281673B200429712 /* ContentView.swift */; };
		58F72C91281673B400429712 /* Assets.xcassets in Resources */ = {isa = PBXBuildFile; fileRef = 58F72C90281673B400429712 /* Assets.xcassets */; };
		58F72C94281673B400429712 /* Preview Assets.xcassets in Resources */ = {isa = PBXBuildFile; fileRef = 58F72C93281673B400429712 /* Preview Assets.xcassets */; };
		58F72C9F281673B400429712 /* ExampleTests.swift in Sources */ = {isa = PBXBuildFile; fileRef = 58F72C9E281673B400429712 /* ExampleTests.swift */; };
		58F72CA9281673B400429712 /* ExampleUITests.swift in Sources */ = {isa = PBXBuildFile; fileRef = 58F72CA8281673B400429712 /* ExampleUITests.swift */; };
		58F72CAB281673B400429712 /* ExampleUITestsLaunchTests.swift in Sources */ = {isa = PBXBuildFile; fileRef = 58F72CAA281673B400429712 /* ExampleUITestsLaunchTests.swift */; };
		58F72CB6281673C100429712 /* ExampleApp.swift in Sources */ = {isa = PBXBuildFile; fileRef = 58F72CB5281673C100429712 /* ExampleApp.swift */; };
/* End PBXBuildFile section */

/* Begin PBXContainerItemProxy section */
		5838670C2815296800A1B402 /* PBXContainerItemProxy */ = {
			isa = PBXContainerItemProxy;
			containerPortal = 583866F72815296800A1B402 /* Project object */;
			proxyType = 1;
			remoteGlobalIDString = 583866FF2815296800A1B402;
			remoteInfo = PrettyAxis;
		};
		58C97D822816745200285A2E /* PBXContainerItemProxy */ = {
			isa = PBXContainerItemProxy;
			containerPortal = 583866F72815296800A1B402 /* Project object */;
			proxyType = 1;
			remoteGlobalIDString = 58C97D762816745200285A2E;
			remoteInfo = "PrettyAxis-macOS";
		};
		58C97D842816745200285A2E /* PBXContainerItemProxy */ = {
			isa = PBXContainerItemProxy;
			containerPortal = 583866F72815296800A1B402 /* Project object */;
			proxyType = 1;
			remoteGlobalIDString = 58F72C89281673B200429712;
			remoteInfo = Example;
		};
		58C97D8A2816745200285A2E /* PBXContainerItemProxy */ = {
			isa = PBXContainerItemProxy;
			containerPortal = 583866F72815296800A1B402 /* Project object */;
			proxyType = 1;
			remoteGlobalIDString = 58C97D762816745200285A2E;
			remoteInfo = "PrettyAxis-macOS";
		};
		58F72C9B281673B400429712 /* PBXContainerItemProxy */ = {
			isa = PBXContainerItemProxy;
			containerPortal = 583866F72815296800A1B402 /* Project object */;
			proxyType = 1;
			remoteGlobalIDString = 58F72C89281673B200429712;
			remoteInfo = Example;
		};
		58F72CA5281673B400429712 /* PBXContainerItemProxy */ = {
			isa = PBXContainerItemProxy;
			containerPortal = 583866F72815296800A1B402 /* Project object */;
			proxyType = 1;
			remoteGlobalIDString = 58F72C89281673B200429712;
			remoteInfo = Example;
		};
/* End PBXContainerItemProxy section */

/* Begin PBXCopyFilesBuildPhase section */
		58F72CBB281673D200429712 /* Embed Frameworks */ = {
			isa = PBXCopyFilesBuildPhase;
			buildActionMask = 2147483647;
			dstPath = "";
			dstSubfolderSpec = 10;
			files = (
				58C97D8D2816745200285A2E /* PrettyAxis.framework in Embed Frameworks */,
			);
			name = "Embed Frameworks";
			runOnlyForDeploymentPostprocessing = 0;
		};
/* End PBXCopyFilesBuildPhase section */

/* Begin PBXFileReference section */
		5831687E281783800075EAD0 /* ReferenceLine.swift */ = {isa = PBXFileReference; lastKnownFileType = sourcecode.swift; path = ReferenceLine.swift; sourceTree = "<group>"; };
		58316881281785340075EAD0 /* ReferenceLineModifier.swift */ = {isa = PBXFileReference; lastKnownFileType = sourcecode.swift; path = ReferenceLineModifier.swift; sourceTree = "<group>"; };
		583168842817A0680075EAD0 /* ValueFormatter.swift */ = {isa = PBXFileReference; lastKnownFileType = sourcecode.swift; path = ValueFormatter.swift; sourceTree = "<group>"; };
		583168872817C5D00075EAD0 /* AxisStyle.swift */ = {isa = PBXFileReference; lastKnownFileType = sourcecode.swift; path = AxisStyle.swift; sourceTree = "<group>"; };
		5831688E2817E93F0075EAD0 /* ScrollableModifier.swift */ = {isa = PBXFileReference; lastKnownFileType = sourcecode.swift; path = ScrollableModifier.swift; sourceTree = "<group>"; };
		583867002815296800A1B402 /* PrettyAxis.framework */ = {isa = PBXFileReference; explicitFileType = wrapper.framework; includeInIndex = 0; path = PrettyAxis.framework; sourceTree = BUILT_PRODUCTS_DIR; };
		583867032815296800A1B402 /* PrettyAxis.h */ = {isa = PBXFileReference; lastKnownFileType = sourcecode.c.h; path = PrettyAxis.h; sourceTree = "<group>"; };
		583867042815296800A1B402 /* PrettyAxis.docc */ = {isa = PBXFileReference; lastKnownFileType = folder.documentationcatalog; path = PrettyAxis.docc; sourceTree = "<group>"; };
		5838670A2815296800A1B402 /* PrettyAxisTests.xctest */ = {isa = PBXFileReference; explicitFileType = wrapper.cfbundle; includeInIndex = 0; path = PrettyAxisTests.xctest; sourceTree = BUILT_PRODUCTS_DIR; };
		5838670F2815296800A1B402 /* PrettyAxisTests.swift */ = {isa = PBXFileReference; lastKnownFileType = sourcecode.swift; path = PrettyAxisTests.swift; sourceTree = "<group>"; };
		5838671A281529B100A1B402 /* AxisView.swift */ = {isa = PBXFileReference; lastKnownFileType = sourcecode.swift; path = AxisView.swift; sourceTree = "<group>"; };
		5838671C281529E400A1B402 /* AxisPlot.swift */ = {isa = PBXFileReference; lastKnownFileType = sourcecode.swift; path = AxisPlot.swift; sourceTree = "<group>"; };
		5838671E28152A0700A1B402 /* XAxisDataProvider.swift */ = {isa = PBXFileReference; lastKnownFileType = sourcecode.swift; path = XAxisDataProvider.swift; sourceTree = "<group>"; };
		5838672128152AD000A1B402 /* YAxisDataProvider.swift */ = {isa = PBXFileReference; lastKnownFileType = sourcecode.swift; path = YAxisDataProvider.swift; sourceTree = "<group>"; };
		5838672328152B0400A1B402 /* Groupable.swift */ = {isa = PBXFileReference; lastKnownFileType = sourcecode.swift; path = Groupable.swift; sourceTree = "<group>"; };
		5838672628153A1900A1B402 /* LinePlot.swift */ = {isa = PBXFileReference; lastKnownFileType = sourcecode.swift; path = LinePlot.swift; sourceTree = "<group>"; };
		5838672F281553DB00A1B402 /* ReferenceLineStyle.swift */ = {isa = PBXFileReference; lastKnownFileType = sourcecode.swift; path = ReferenceLineStyle.swift; sourceTree = "<group>"; };
		58C97D772816745200285A2E /* PrettyAxis.framework */ = {isa = PBXFileReference; explicitFileType = wrapper.framework; includeInIndex = 0; path = PrettyAxis.framework; sourceTree = BUILT_PRODUCTS_DIR; };
		58C97D802816745200285A2E /* PrettyAxis-macOSTests.xctest */ = {isa = PBXFileReference; explicitFileType = wrapper.cfbundle; includeInIndex = 0; path = "PrettyAxis-macOSTests.xctest"; sourceTree = BUILT_PRODUCTS_DIR; };
		58C97DA1281674C300285A2E /* TestChartData.swift */ = {isa = PBXFileReference; fileEncoding = 4; lastKnownFileType = sourcecode.swift; path = TestChartData.swift; sourceTree = "<group>"; };
		58C97DA2281674C300285A2E /* ChartData.json */ = {isa = PBXFileReference; fileEncoding = 4; lastKnownFileType = text.json; path = ChartData.json; sourceTree = "<group>"; };
		58C97DA52816752200285A2E /* PreviewData.swift */ = {isa = PBXFileReference; fileEncoding = 4; lastKnownFileType = sourcecode.swift; path = PreviewData.swift; sourceTree = "<group>"; };
		58F72C23281642D100429712 /* Line.swift */ = {isa = PBXFileReference; fileEncoding = 4; lastKnownFileType = sourcecode.swift; path = Line.swift; sourceTree = "<group>"; };
		58F72C25281642E100429712 /* LineDataProtocol.swift */ = {isa = PBXFileReference; lastKnownFileType = sourcecode.swift; path = LineDataProtocol.swift; sourceTree = "<group>"; };
		58F72C272816454C00429712 /* LegendModififer.swift */ = {isa = PBXFileReference; lastKnownFileType = sourcecode.swift; path = LegendModififer.swift; sourceTree = "<group>"; };
		58F72C2B28164CEF00429712 /* LineStyle.swift */ = {isa = PBXFileReference; lastKnownFileType = sourcecode.swift; path = LineStyle.swift; sourceTree = "<group>"; };
		58F72C8A281673B200429712 /* Example.app */ = {isa = PBXFileReference; explicitFileType = wrapper.application; includeInIndex = 0; path = Example.app; sourceTree = BUILT_PRODUCTS_DIR; };
		58F72C8E281673B200429712 /* ContentView.swift */ = {isa = PBXFileReference; lastKnownFileType = sourcecode.swift; path = ContentView.swift; sourceTree = "<group>"; };
		58F72C90281673B400429712 /* Assets.xcassets */ = {isa = PBXFileReference; lastKnownFileType = folder.assetcatalog; path = Assets.xcassets; sourceTree = "<group>"; };
		58F72C93281673B400429712 /* Preview Assets.xcassets */ = {isa = PBXFileReference; lastKnownFileType = folder.assetcatalog; path = "Preview Assets.xcassets"; sourceTree = "<group>"; };
		58F72C95281673B400429712 /* Example.entitlements */ = {isa = PBXFileReference; lastKnownFileType = text.plist.entitlements; path = Example.entitlements; sourceTree = "<group>"; };
		58F72C9A281673B400429712 /* ExampleTests.xctest */ = {isa = PBXFileReference; explicitFileType = wrapper.cfbundle; includeInIndex = 0; path = ExampleTests.xctest; sourceTree = BUILT_PRODUCTS_DIR; };
		58F72C9E281673B400429712 /* ExampleTests.swift */ = {isa = PBXFileReference; lastKnownFileType = sourcecode.swift; path = ExampleTests.swift; sourceTree = "<group>"; };
		58F72CA4281673B400429712 /* ExampleUITests.xctest */ = {isa = PBXFileReference; explicitFileType = wrapper.cfbundle; includeInIndex = 0; path = ExampleUITests.xctest; sourceTree = BUILT_PRODUCTS_DIR; };
		58F72CA8281673B400429712 /* ExampleUITests.swift */ = {isa = PBXFileReference; lastKnownFileType = sourcecode.swift; path = ExampleUITests.swift; sourceTree = "<group>"; };
		58F72CAA281673B400429712 /* ExampleUITestsLaunchTests.swift */ = {isa = PBXFileReference; lastKnownFileType = sourcecode.swift; path = ExampleUITestsLaunchTests.swift; sourceTree = "<group>"; };
		58F72CB5281673C100429712 /* ExampleApp.swift */ = {isa = PBXFileReference; fileEncoding = 4; lastKnownFileType = sourcecode.swift; path = ExampleApp.swift; sourceTree = "<group>"; };
/* End PBXFileReference section */

/* Begin PBXFrameworksBuildPhase section */
		583866FD2815296800A1B402 /* Frameworks */ = {
			isa = PBXFrameworksBuildPhase;
			buildActionMask = 2147483647;
			files = (
			);
			runOnlyForDeploymentPostprocessing = 0;
		};
		583867072815296800A1B402 /* Frameworks */ = {
			isa = PBXFrameworksBuildPhase;
			buildActionMask = 2147483647;
			files = (
				5838670B2815296800A1B402 /* PrettyAxis.framework in Frameworks */,
			);
			runOnlyForDeploymentPostprocessing = 0;
		};
		58C97D742816745200285A2E /* Frameworks */ = {
			isa = PBXFrameworksBuildPhase;
			buildActionMask = 2147483647;
			files = (
			);
			runOnlyForDeploymentPostprocessing = 0;
		};
		58C97D7D2816745200285A2E /* Frameworks */ = {
			isa = PBXFrameworksBuildPhase;
			buildActionMask = 2147483647;
			files = (
				58C97D812816745200285A2E /* PrettyAxis.framework in Frameworks */,
			);
			runOnlyForDeploymentPostprocessing = 0;
		};
		58F72C87281673B200429712 /* Frameworks */ = {
			isa = PBXFrameworksBuildPhase;
			buildActionMask = 2147483647;
			files = (
				58C97D8C2816745200285A2E /* PrettyAxis.framework in Frameworks */,
			);
			runOnlyForDeploymentPostprocessing = 0;
		};
		58F72C97281673B400429712 /* Frameworks */ = {
			isa = PBXFrameworksBuildPhase;
			buildActionMask = 2147483647;
			files = (
			);
			runOnlyForDeploymentPostprocessing = 0;
		};
		58F72CA1281673B400429712 /* Frameworks */ = {
			isa = PBXFrameworksBuildPhase;
			buildActionMask = 2147483647;
			files = (
			);
			runOnlyForDeploymentPostprocessing = 0;
		};
/* End PBXFrameworksBuildPhase section */

/* Begin PBXGroup section */
		5831688D2817E92D0075EAD0 /* Modifier */ = {
			isa = PBXGroup;
			children = (
				5831688E2817E93F0075EAD0 /* ScrollableModifier.swift */,
			);
			path = Modifier;
			sourceTree = "<group>";
		};
		583866F62815296800A1B402 = {
			isa = PBXGroup;
			children = (
				583867022815296800A1B402 /* PrettyAxis */,
				5838670E2815296800A1B402 /* PrettyAxisTests */,
				58F72C8B281673B200429712 /* Example */,
				58F72C9D281673B400429712 /* ExampleTests */,
				58F72CA7281673B400429712 /* ExampleUITests */,
				583867012815296800A1B402 /* Products */,
				58F72C5B28166E1E00429712 /* Frameworks */,
			);
			sourceTree = "<group>";
		};
		583867012815296800A1B402 /* Products */ = {
			isa = PBXGroup;
			children = (
				583867002815296800A1B402 /* PrettyAxis.framework */,
				5838670A2815296800A1B402 /* PrettyAxisTests.xctest */,
				58F72C8A281673B200429712 /* Example.app */,
				58F72C9A281673B400429712 /* ExampleTests.xctest */,
				58F72CA4281673B400429712 /* ExampleUITests.xctest */,
				58C97D772816745200285A2E /* PrettyAxis.framework */,
				58C97D802816745200285A2E /* PrettyAxis-macOSTests.xctest */,
			);
			name = Products;
			sourceTree = "<group>";
		};
		583867022815296800A1B402 /* PrettyAxis */ = {
			isa = PBXGroup;
			children = (
				5831688D2817E92D0075EAD0 /* Modifier */,
				5838672D28153BCB00A1B402 /* Legend */,
				5838672E28153BD800A1B402 /* ReferenceLine */,
				5838672528153A0D00A1B402 /* Line */,
				5838672028152AA700A1B402 /* Data */,
				583867032815296800A1B402 /* PrettyAxis.h */,
				583867042815296800A1B402 /* PrettyAxis.docc */,
				5838671A281529B100A1B402 /* AxisView.swift */,
				5838671C281529E400A1B402 /* AxisPlot.swift */,
				583168872817C5D00075EAD0 /* AxisStyle.swift */,
			);
			path = PrettyAxis;
			sourceTree = "<group>";
		};
		5838670E2815296800A1B402 /* PrettyAxisTests */ = {
			isa = PBXGroup;
			children = (
				5838670F2815296800A1B402 /* PrettyAxisTests.swift */,
			);
			path = PrettyAxisTests;
			sourceTree = "<group>";
		};
		5838672028152AA700A1B402 /* Data */ = {
			isa = PBXGroup;
			children = (
				5838671E28152A0700A1B402 /* XAxisDataProvider.swift */,
				5838672128152AD000A1B402 /* YAxisDataProvider.swift */,
				5838672328152B0400A1B402 /* Groupable.swift */,
			);
			path = Data;
			sourceTree = "<group>";
		};
		5838672528153A0D00A1B402 /* Line */ = {
			isa = PBXGroup;
			children = (
				58F72C23281642D100429712 /* Line.swift */,
				5838672628153A1900A1B402 /* LinePlot.swift */,
				58F72C25281642E100429712 /* LineDataProtocol.swift */,
				58F72C2B28164CEF00429712 /* LineStyle.swift */,
			);
			path = Line;
			sourceTree = "<group>";
		};
		5838672D28153BCB00A1B402 /* Legend */ = {
			isa = PBXGroup;
			children = (
				58F72C272816454C00429712 /* LegendModififer.swift */,
			);
			path = Legend;
			sourceTree = "<group>";
		};
		5838672E28153BD800A1B402 /* ReferenceLine */ = {
			isa = PBXGroup;
			children = (
				5838672F281553DB00A1B402 /* ReferenceLineStyle.swift */,
				5831687E281783800075EAD0 /* ReferenceLine.swift */,
				58316881281785340075EAD0 /* ReferenceLineModifier.swift */,
				583168842817A0680075EAD0 /* ValueFormatter.swift */,
			);
			path = ReferenceLine;
			sourceTree = "<group>";
		};
		58F72C5B28166E1E00429712 /* Frameworks */ = {
			isa = PBXGroup;
			children = (
			);
			name = Frameworks;
			sourceTree = "<group>";
		};
		58F72C8B281673B200429712 /* Example */ = {
			isa = PBXGroup;
			children = (
				58F72CB5281673C100429712 /* ExampleApp.swift */,
				58F72C8E281673B200429712 /* ContentView.swift */,
				58F72C90281673B400429712 /* Assets.xcassets */,
				58F72C95281673B400429712 /* Example.entitlements */,
				58F72C92281673B400429712 /* Preview Content */,
			);
			path = Example;
			sourceTree = "<group>";
		};
		58F72C92281673B400429712 /* Preview Content */ = {
			isa = PBXGroup;
			children = (
				58C97DA2281674C300285A2E /* ChartData.json */,
				58C97DA1281674C300285A2E /* TestChartData.swift */,
				58C97DA52816752200285A2E /* PreviewData.swift */,
				58F72C93281673B400429712 /* Preview Assets.xcassets */,
			);
			path = "Preview Content";
			sourceTree = "<group>";
		};
		58F72C9D281673B400429712 /* ExampleTests */ = {
			isa = PBXGroup;
			children = (
				58F72C9E281673B400429712 /* ExampleTests.swift */,
			);
			path = ExampleTests;
			sourceTree = "<group>";
		};
		58F72CA7281673B400429712 /* ExampleUITests */ = {
			isa = PBXGroup;
			children = (
				58F72CA8281673B400429712 /* ExampleUITests.swift */,
				58F72CAA281673B400429712 /* ExampleUITestsLaunchTests.swift */,
			);
			path = ExampleUITests;
			sourceTree = "<group>";
		};
/* End PBXGroup section */

/* Begin PBXHeadersBuildPhase section */
		583866FB2815296800A1B402 /* Headers */ = {
			isa = PBXHeadersBuildPhase;
			buildActionMask = 2147483647;
			files = (
				583867112815296800A1B402 /* PrettyAxis.h in Headers */,
			);
			runOnlyForDeploymentPostprocessing = 0;
		};
		58C97D722816745200285A2E /* Headers */ = {
			isa = PBXHeadersBuildPhase;
			buildActionMask = 2147483647;
			files = (
				58C97D972816747200285A2E /* PrettyAxis.h in Headers */,
			);
			runOnlyForDeploymentPostprocessing = 0;
		};
/* End PBXHeadersBuildPhase section */

/* Begin PBXNativeTarget section */
		583866FF2815296800A1B402 /* PrettyAxis */ = {
			isa = PBXNativeTarget;
			buildConfigurationList = 583867142815296800A1B402 /* Build configuration list for PBXNativeTarget "PrettyAxis" */;
			buildPhases = (
				583866FB2815296800A1B402 /* Headers */,
				583866FC2815296800A1B402 /* Sources */,
				583866FD2815296800A1B402 /* Frameworks */,
				583866FE2815296800A1B402 /* Resources */,
			);
			buildRules = (
			);
			dependencies = (
			);
			name = PrettyAxis;
			productName = PrettyAxis;
			productReference = 583867002815296800A1B402 /* PrettyAxis.framework */;
			productType = "com.apple.product-type.framework";
		};
		583867092815296800A1B402 /* PrettyAxisTests */ = {
			isa = PBXNativeTarget;
			buildConfigurationList = 583867172815296800A1B402 /* Build configuration list for PBXNativeTarget "PrettyAxisTests" */;
			buildPhases = (
				583867062815296800A1B402 /* Sources */,
				583867072815296800A1B402 /* Frameworks */,
				583867082815296800A1B402 /* Resources */,
			);
			buildRules = (
			);
			dependencies = (
				5838670D2815296800A1B402 /* PBXTargetDependency */,
			);
			name = PrettyAxisTests;
			productName = PrettyAxisTests;
			productReference = 5838670A2815296800A1B402 /* PrettyAxisTests.xctest */;
			productType = "com.apple.product-type.bundle.unit-test";
		};
		58C97D762816745200285A2E /* PrettyAxis-macOS */ = {
			isa = PBXNativeTarget;
			buildConfigurationList = 58C97D8E2816745200285A2E /* Build configuration list for PBXNativeTarget "PrettyAxis-macOS" */;
			buildPhases = (
				58C97D722816745200285A2E /* Headers */,
				58C97D732816745200285A2E /* Sources */,
				58C97D742816745200285A2E /* Frameworks */,
				58C97D752816745200285A2E /* Resources */,
			);
			buildRules = (
			);
			dependencies = (
			);
			name = "PrettyAxis-macOS";
			productName = "PrettyAxis-macOS";
			productReference = 58C97D772816745200285A2E /* PrettyAxis.framework */;
			productType = "com.apple.product-type.framework";
		};
		58C97D7F2816745200285A2E /* PrettyAxis-macOSTests */ = {
			isa = PBXNativeTarget;
			buildConfigurationList = 58C97D912816745200285A2E /* Build configuration list for PBXNativeTarget "PrettyAxis-macOSTests" */;
			buildPhases = (
				58C97D7C2816745200285A2E /* Sources */,
				58C97D7D2816745200285A2E /* Frameworks */,
				58C97D7E2816745200285A2E /* Resources */,
			);
			buildRules = (
			);
			dependencies = (
				58C97D832816745200285A2E /* PBXTargetDependency */,
				58C97D852816745200285A2E /* PBXTargetDependency */,
			);
			name = "PrettyAxis-macOSTests";
			productName = "PrettyAxis-macOSTests";
			productReference = 58C97D802816745200285A2E /* PrettyAxis-macOSTests.xctest */;
			productType = "com.apple.product-type.bundle.unit-test";
		};
		58F72C89281673B200429712 /* Example */ = {
			isa = PBXNativeTarget;
			buildConfigurationList = 58F72CAC281673B400429712 /* Build configuration list for PBXNativeTarget "Example" */;
			buildPhases = (
				58F72C86281673B200429712 /* Sources */,
				58F72C87281673B200429712 /* Frameworks */,
				58F72C88281673B200429712 /* Resources */,
				58F72CBB281673D200429712 /* Embed Frameworks */,
			);
			buildRules = (
			);
			dependencies = (
				58C97D8B2816745200285A2E /* PBXTargetDependency */,
			);
			name = Example;
			productName = Example;
			productReference = 58F72C8A281673B200429712 /* Example.app */;
			productType = "com.apple.product-type.application";
		};
		58F72C99281673B400429712 /* ExampleTests */ = {
			isa = PBXNativeTarget;
			buildConfigurationList = 58F72CAF281673B400429712 /* Build configuration list for PBXNativeTarget "ExampleTests" */;
			buildPhases = (
				58F72C96281673B400429712 /* Sources */,
				58F72C97281673B400429712 /* Frameworks */,
				58F72C98281673B400429712 /* Resources */,
			);
			buildRules = (
			);
			dependencies = (
				58F72C9C281673B400429712 /* PBXTargetDependency */,
			);
			name = ExampleTests;
			productName = ExampleTests;
			productReference = 58F72C9A281673B400429712 /* ExampleTests.xctest */;
			productType = "com.apple.product-type.bundle.unit-test";
		};
		58F72CA3281673B400429712 /* ExampleUITests */ = {
			isa = PBXNativeTarget;
			buildConfigurationList = 58F72CB2281673B400429712 /* Build configuration list for PBXNativeTarget "ExampleUITests" */;
			buildPhases = (
				58F72CA0281673B400429712 /* Sources */,
				58F72CA1281673B400429712 /* Frameworks */,
				58F72CA2281673B400429712 /* Resources */,
			);
			buildRules = (
			);
			dependencies = (
				58F72CA6281673B400429712 /* PBXTargetDependency */,
			);
			name = ExampleUITests;
			productName = ExampleUITests;
			productReference = 58F72CA4281673B400429712 /* ExampleUITests.xctest */;
			productType = "com.apple.product-type.bundle.ui-testing";
		};
/* End PBXNativeTarget section */

/* Begin PBXProject section */
		583866F72815296800A1B402 /* Project object */ = {
			isa = PBXProject;
			attributes = {
				BuildIndependentTargetsInParallel = 1;
				LastSwiftUpdateCheck = 1330;
				LastUpgradeCheck = 1330;
				TargetAttributes = {
					583866FF2815296800A1B402 = {
						CreatedOnToolsVersion = 13.3.1;
					};
					583867092815296800A1B402 = {
						CreatedOnToolsVersion = 13.3.1;
					};
					58C97D762816745200285A2E = {
						CreatedOnToolsVersion = 13.3.1;
					};
					58C97D7F2816745200285A2E = {
						CreatedOnToolsVersion = 13.3.1;
						TestTargetID = 58F72C89281673B200429712;
					};
					58F72C89281673B200429712 = {
						CreatedOnToolsVersion = 13.3.1;
					};
					58F72C99281673B400429712 = {
						CreatedOnToolsVersion = 13.3.1;
						TestTargetID = 58F72C89281673B200429712;
					};
					58F72CA3281673B400429712 = {
						CreatedOnToolsVersion = 13.3.1;
						TestTargetID = 58F72C89281673B200429712;
					};
				};
			};
			buildConfigurationList = 583866FA2815296800A1B402 /* Build configuration list for PBXProject "PrettyAxis" */;
			compatibilityVersion = "Xcode 13.0";
			developmentRegion = en;
			hasScannedForEncodings = 0;
			knownRegions = (
				en,
				Base,
			);
			mainGroup = 583866F62815296800A1B402;
			productRefGroup = 583867012815296800A1B402 /* Products */;
			projectDirPath = "";
			projectRoot = "";
			targets = (
				583866FF2815296800A1B402 /* PrettyAxis */,
				58C97D762816745200285A2E /* PrettyAxis-macOS */,
				583867092815296800A1B402 /* PrettyAxisTests */,
				58F72C89281673B200429712 /* Example */,
				58F72C99281673B400429712 /* ExampleTests */,
				58F72CA3281673B400429712 /* ExampleUITests */,
				58C97D7F2816745200285A2E /* PrettyAxis-macOSTests */,
			);
		};
/* End PBXProject section */

/* Begin PBXResourcesBuildPhase section */
		583866FE2815296800A1B402 /* Resources */ = {
			isa = PBXResourcesBuildPhase;
			buildActionMask = 2147483647;
			files = (
			);
			runOnlyForDeploymentPostprocessing = 0;
		};
		583867082815296800A1B402 /* Resources */ = {
			isa = PBXResourcesBuildPhase;
			buildActionMask = 2147483647;
			files = (
			);
			runOnlyForDeploymentPostprocessing = 0;
		};
		58C97D752816745200285A2E /* Resources */ = {
			isa = PBXResourcesBuildPhase;
			buildActionMask = 2147483647;
			files = (
			);
			runOnlyForDeploymentPostprocessing = 0;
		};
		58C97D7E2816745200285A2E /* Resources */ = {
			isa = PBXResourcesBuildPhase;
			buildActionMask = 2147483647;
			files = (
			);
			runOnlyForDeploymentPostprocessing = 0;
		};
		58F72C88281673B200429712 /* Resources */ = {
			isa = PBXResourcesBuildPhase;
			buildActionMask = 2147483647;
			files = (
				58F72C94281673B400429712 /* Preview Assets.xcassets in Resources */,
				58F72C91281673B400429712 /* Assets.xcassets in Resources */,
				58C97DA4281674C300285A2E /* ChartData.json in Resources */,
			);
			runOnlyForDeploymentPostprocessing = 0;
		};
		58F72C98281673B400429712 /* Resources */ = {
			isa = PBXResourcesBuildPhase;
			buildActionMask = 2147483647;
			files = (
			);
			runOnlyForDeploymentPostprocessing = 0;
		};
		58F72CA2281673B400429712 /* Resources */ = {
			isa = PBXResourcesBuildPhase;
			buildActionMask = 2147483647;
			files = (
			);
			runOnlyForDeploymentPostprocessing = 0;
		};
/* End PBXResourcesBuildPhase section */

/* Begin PBXSourcesBuildPhase section */
		583866FC2815296800A1B402 /* Sources */ = {
			isa = PBXSourcesBuildPhase;
			buildActionMask = 2147483647;
			files = (
				583168882817C5D00075EAD0 /* AxisStyle.swift in Sources */,
				5838672728153A1900A1B402 /* LinePlot.swift in Sources */,
				583168852817A0680075EAD0 /* ValueFormatter.swift in Sources */,
				5831688F2817E93F0075EAD0 /* ScrollableModifier.swift in Sources */,
				58F72C26281642E100429712 /* LineDataProtocol.swift in Sources */,
				583867052815296800A1B402 /* PrettyAxis.docc in Sources */,
				58386730281553DB00A1B402 /* ReferenceLineStyle.swift in Sources */,
				58F72C2C28164CEF00429712 /* LineStyle.swift in Sources */,
				5838671D281529E400A1B402 /* AxisPlot.swift in Sources */,
				5838672228152AD000A1B402 /* YAxisDataProvider.swift in Sources */,
				5838672428152B0400A1B402 /* Groupable.swift in Sources */,
				58316882281785340075EAD0 /* ReferenceLineModifier.swift in Sources */,
				5838671F28152A0700A1B402 /* XAxisDataProvider.swift in Sources */,
				58F72C24281642D100429712 /* Line.swift in Sources */,
				58F72C282816454C00429712 /* LegendModififer.swift in Sources */,
				5838671B281529B100A1B402 /* AxisView.swift in Sources */,
				5831687F281783800075EAD0 /* ReferenceLine.swift in Sources */,
			);
			runOnlyForDeploymentPostprocessing = 0;
		};
		583867062815296800A1B402 /* Sources */ = {
			isa = PBXSourcesBuildPhase;
			buildActionMask = 2147483647;
			files = (
				583867102815296800A1B402 /* PrettyAxisTests.swift in Sources */,
			);
			runOnlyForDeploymentPostprocessing = 0;
		};
		58C97D732816745200285A2E /* Sources */ = {
			isa = PBXSourcesBuildPhase;
			buildActionMask = 2147483647;
			files = (
				58C97D9D2816747600285A2E /* LinePlot.swift in Sources */,
				58316883281785500075EAD0 /* ReferenceLineModifier.swift in Sources */,
				58316880281783AC0075EAD0 /* ReferenceLine.swift in Sources */,
				58C97D9E2816747600285A2E /* LineDataProtocol.swift in Sources */,
				58C97D9F2816747A00285A2E /* ReferenceLineStyle.swift in Sources */,
				583168902817E93F0075EAD0 /* ScrollableModifier.swift in Sources */,
				58C97DA02816747D00285A2E /* LegendModififer.swift in Sources */,
				583168892817C5D00075EAD0 /* AxisStyle.swift in Sources */,
				58C97D992816747200285A2E /* Groupable.swift in Sources */,
				58C97D982816747200285A2E /* YAxisDataProvider.swift in Sources */,
				58C97D9C2816747600285A2E /* LineStyle.swift in Sources */,
				58C97D962816746700285A2E /* AxisView.swift in Sources */,
				58C97D9A2816747200285A2E /* XAxisDataProvider.swift in Sources */,
				58C97D9B2816747600285A2E /* Line.swift in Sources */,
				583168862817A08D0075EAD0 /* ValueFormatter.swift in Sources */,
				58C97D942816746700285A2E /* AxisPlot.swift in Sources */,
			);
			runOnlyForDeploymentPostprocessing = 0;
		};
		58C97D7C2816745200285A2E /* Sources */ = {
			isa = PBXSourcesBuildPhase;
			buildActionMask = 2147483647;
			files = (
			);
			runOnlyForDeploymentPostprocessing = 0;
		};
		58F72C86281673B200429712 /* Sources */ = {
			isa = PBXSourcesBuildPhase;
			buildActionMask = 2147483647;
			files = (
				58C97DA62816752200285A2E /* PreviewData.swift in Sources */,
				58F72CB6281673C100429712 /* ExampleApp.swift in Sources */,
				58C97DA3281674C300285A2E /* TestChartData.swift in Sources */,
				58F72C8F281673B200429712 /* ContentView.swift in Sources */,
			);
			runOnlyForDeploymentPostprocessing = 0;
		};
		58F72C96281673B400429712 /* Sources */ = {
			isa = PBXSourcesBuildPhase;
			buildActionMask = 2147483647;
			files = (
				58F72C9F281673B400429712 /* ExampleTests.swift in Sources */,
			);
			runOnlyForDeploymentPostprocessing = 0;
		};
		58F72CA0281673B400429712 /* Sources */ = {
			isa = PBXSourcesBuildPhase;
			buildActionMask = 2147483647;
			files = (
				58F72CA9281673B400429712 /* ExampleUITests.swift in Sources */,
				58F72CAB281673B400429712 /* ExampleUITestsLaunchTests.swift in Sources */,
			);
			runOnlyForDeploymentPostprocessing = 0;
		};
/* End PBXSourcesBuildPhase section */

/* Begin PBXTargetDependency section */
		5838670D2815296800A1B402 /* PBXTargetDependency */ = {
			isa = PBXTargetDependency;
			target = 583866FF2815296800A1B402 /* PrettyAxis */;
			targetProxy = 5838670C2815296800A1B402 /* PBXContainerItemProxy */;
		};
		58C97D832816745200285A2E /* PBXTargetDependency */ = {
			isa = PBXTargetDependency;
			target = 58C97D762816745200285A2E /* PrettyAxis-macOS */;
			targetProxy = 58C97D822816745200285A2E /* PBXContainerItemProxy */;
		};
		58C97D852816745200285A2E /* PBXTargetDependency */ = {
			isa = PBXTargetDependency;
			target = 58F72C89281673B200429712 /* Example */;
			targetProxy = 58C97D842816745200285A2E /* PBXContainerItemProxy */;
		};
		58C97D8B2816745200285A2E /* PBXTargetDependency */ = {
			isa = PBXTargetDependency;
			target = 58C97D762816745200285A2E /* PrettyAxis-macOS */;
			targetProxy = 58C97D8A2816745200285A2E /* PBXContainerItemProxy */;
		};
		58F72C9C281673B400429712 /* PBXTargetDependency */ = {
			isa = PBXTargetDependency;
			target = 58F72C89281673B200429712 /* Example */;
			targetProxy = 58F72C9B281673B400429712 /* PBXContainerItemProxy */;
		};
		58F72CA6281673B400429712 /* PBXTargetDependency */ = {
			isa = PBXTargetDependency;
			target = 58F72C89281673B200429712 /* Example */;
			targetProxy = 58F72CA5281673B400429712 /* PBXContainerItemProxy */;
		};
/* End PBXTargetDependency section */

/* Begin XCBuildConfiguration section */
		583867122815296800A1B402 /* Debug */ = {
			isa = XCBuildConfiguration;
			buildSettings = {
				ALWAYS_SEARCH_USER_PATHS = NO;
				CLANG_ANALYZER_NONNULL = YES;
				CLANG_ANALYZER_NUMBER_OBJECT_CONVERSION = YES_AGGRESSIVE;
				CLANG_CXX_LANGUAGE_STANDARD = "gnu++17";
				CLANG_ENABLE_MODULES = YES;
				CLANG_ENABLE_OBJC_ARC = YES;
				CLANG_ENABLE_OBJC_WEAK = YES;
				CLANG_WARN_BLOCK_CAPTURE_AUTORELEASING = YES;
				CLANG_WARN_BOOL_CONVERSION = YES;
				CLANG_WARN_COMMA = YES;
				CLANG_WARN_CONSTANT_CONVERSION = YES;
				CLANG_WARN_DEPRECATED_OBJC_IMPLEMENTATIONS = YES;
				CLANG_WARN_DIRECT_OBJC_ISA_USAGE = YES_ERROR;
				CLANG_WARN_DOCUMENTATION_COMMENTS = YES;
				CLANG_WARN_EMPTY_BODY = YES;
				CLANG_WARN_ENUM_CONVERSION = YES;
				CLANG_WARN_INFINITE_RECURSION = YES;
				CLANG_WARN_INT_CONVERSION = YES;
				CLANG_WARN_NON_LITERAL_NULL_CONVERSION = YES;
				CLANG_WARN_OBJC_IMPLICIT_RETAIN_SELF = YES;
				CLANG_WARN_OBJC_LITERAL_CONVERSION = YES;
				CLANG_WARN_OBJC_ROOT_CLASS = YES_ERROR;
				CLANG_WARN_QUOTED_INCLUDE_IN_FRAMEWORK_HEADER = YES;
				CLANG_WARN_RANGE_LOOP_ANALYSIS = YES;
				CLANG_WARN_STRICT_PROTOTYPES = YES;
				CLANG_WARN_SUSPICIOUS_MOVE = YES;
				CLANG_WARN_UNGUARDED_AVAILABILITY = YES_AGGRESSIVE;
				CLANG_WARN_UNREACHABLE_CODE = YES;
				CLANG_WARN__DUPLICATE_METHOD_MATCH = YES;
				COPY_PHASE_STRIP = NO;
				CURRENT_PROJECT_VERSION = 1;
				DEBUG_INFORMATION_FORMAT = dwarf;
				ENABLE_STRICT_OBJC_MSGSEND = YES;
				ENABLE_TESTABILITY = YES;
				GCC_C_LANGUAGE_STANDARD = gnu11;
				GCC_DYNAMIC_NO_PIC = NO;
				GCC_NO_COMMON_BLOCKS = YES;
				GCC_OPTIMIZATION_LEVEL = 0;
				GCC_PREPROCESSOR_DEFINITIONS = (
					"DEBUG=1",
					"$(inherited)",
				);
				GCC_WARN_64_TO_32_BIT_CONVERSION = YES;
				GCC_WARN_ABOUT_RETURN_TYPE = YES_ERROR;
				GCC_WARN_UNDECLARED_SELECTOR = YES;
				GCC_WARN_UNINITIALIZED_AUTOS = YES_AGGRESSIVE;
				GCC_WARN_UNUSED_FUNCTION = YES;
				GCC_WARN_UNUSED_VARIABLE = YES;
				IPHONEOS_DEPLOYMENT_TARGET = 15.4;
				MTL_ENABLE_DEBUG_INFO = INCLUDE_SOURCE;
				MTL_FAST_MATH = YES;
				ONLY_ACTIVE_ARCH = YES;
				SDKROOT = iphoneos;
				SWIFT_ACTIVE_COMPILATION_CONDITIONS = DEBUG;
				SWIFT_OPTIMIZATION_LEVEL = "-Onone";
				VERSIONING_SYSTEM = "apple-generic";
				VERSION_INFO_PREFIX = "";
			};
			name = Debug;
		};
		583867132815296800A1B402 /* Release */ = {
			isa = XCBuildConfiguration;
			buildSettings = {
				ALWAYS_SEARCH_USER_PATHS = NO;
				CLANG_ANALYZER_NONNULL = YES;
				CLANG_ANALYZER_NUMBER_OBJECT_CONVERSION = YES_AGGRESSIVE;
				CLANG_CXX_LANGUAGE_STANDARD = "gnu++17";
				CLANG_ENABLE_MODULES = YES;
				CLANG_ENABLE_OBJC_ARC = YES;
				CLANG_ENABLE_OBJC_WEAK = YES;
				CLANG_WARN_BLOCK_CAPTURE_AUTORELEASING = YES;
				CLANG_WARN_BOOL_CONVERSION = YES;
				CLANG_WARN_COMMA = YES;
				CLANG_WARN_CONSTANT_CONVERSION = YES;
				CLANG_WARN_DEPRECATED_OBJC_IMPLEMENTATIONS = YES;
				CLANG_WARN_DIRECT_OBJC_ISA_USAGE = YES_ERROR;
				CLANG_WARN_DOCUMENTATION_COMMENTS = YES;
				CLANG_WARN_EMPTY_BODY = YES;
				CLANG_WARN_ENUM_CONVERSION = YES;
				CLANG_WARN_INFINITE_RECURSION = YES;
				CLANG_WARN_INT_CONVERSION = YES;
				CLANG_WARN_NON_LITERAL_NULL_CONVERSION = YES;
				CLANG_WARN_OBJC_IMPLICIT_RETAIN_SELF = YES;
				CLANG_WARN_OBJC_LITERAL_CONVERSION = YES;
				CLANG_WARN_OBJC_ROOT_CLASS = YES_ERROR;
				CLANG_WARN_QUOTED_INCLUDE_IN_FRAMEWORK_HEADER = YES;
				CLANG_WARN_RANGE_LOOP_ANALYSIS = YES;
				CLANG_WARN_STRICT_PROTOTYPES = YES;
				CLANG_WARN_SUSPICIOUS_MOVE = YES;
				CLANG_WARN_UNGUARDED_AVAILABILITY = YES_AGGRESSIVE;
				CLANG_WARN_UNREACHABLE_CODE = YES;
				CLANG_WARN__DUPLICATE_METHOD_MATCH = YES;
				COPY_PHASE_STRIP = NO;
				CURRENT_PROJECT_VERSION = 1;
				DEBUG_INFORMATION_FORMAT = "dwarf-with-dsym";
				ENABLE_NS_ASSERTIONS = NO;
				ENABLE_STRICT_OBJC_MSGSEND = YES;
				GCC_C_LANGUAGE_STANDARD = gnu11;
				GCC_NO_COMMON_BLOCKS = YES;
				GCC_WARN_64_TO_32_BIT_CONVERSION = YES;
				GCC_WARN_ABOUT_RETURN_TYPE = YES_ERROR;
				GCC_WARN_UNDECLARED_SELECTOR = YES;
				GCC_WARN_UNINITIALIZED_AUTOS = YES_AGGRESSIVE;
				GCC_WARN_UNUSED_FUNCTION = YES;
				GCC_WARN_UNUSED_VARIABLE = YES;
				IPHONEOS_DEPLOYMENT_TARGET = 15.4;
				MTL_ENABLE_DEBUG_INFO = NO;
				MTL_FAST_MATH = YES;
				SDKROOT = iphoneos;
				SWIFT_COMPILATION_MODE = wholemodule;
				SWIFT_OPTIMIZATION_LEVEL = "-O";
				VALIDATE_PRODUCT = YES;
				VERSIONING_SYSTEM = "apple-generic";
				VERSION_INFO_PREFIX = "";
			};
			name = Release;
		};
		583867152815296800A1B402 /* Debug */ = {
			isa = XCBuildConfiguration;
			buildSettings = {
				CODE_SIGN_STYLE = Automatic;
				CURRENT_PROJECT_VERSION = 1;
				DEFINES_MODULE = YES;
				DYLIB_COMPATIBILITY_VERSION = 1;
				DYLIB_CURRENT_VERSION = 1;
				DYLIB_INSTALL_NAME_BASE = "@rpath";
				GENERATE_INFOPLIST_FILE = YES;
				INFOPLIST_KEY_NSHumanReadableCopyright = "";
				INSTALL_PATH = "$(LOCAL_LIBRARY_DIR)/Frameworks";
				LD_RUNPATH_SEARCH_PATHS = (
					"$(inherited)",
					"@executable_path/Frameworks",
					"@loader_path/Frameworks",
				);
				MARKETING_VERSION = 1.0;
				PRODUCT_BUNDLE_IDENTIFIER = RiuHDuo.PrettyAxis.PrettyAxis;
				PRODUCT_NAME = "$(TARGET_NAME:c99extidentifier)";
				SKIP_INSTALL = YES;
				SWIFT_EMIT_LOC_STRINGS = YES;
				SWIFT_VERSION = 5.0;
				TARGETED_DEVICE_FAMILY = "1,2";
			};
			name = Debug;
		};
		583867162815296800A1B402 /* Release */ = {
			isa = XCBuildConfiguration;
			buildSettings = {
				CODE_SIGN_STYLE = Automatic;
				CURRENT_PROJECT_VERSION = 1;
				DEFINES_MODULE = YES;
				DYLIB_COMPATIBILITY_VERSION = 1;
				DYLIB_CURRENT_VERSION = 1;
				DYLIB_INSTALL_NAME_BASE = "@rpath";
				GENERATE_INFOPLIST_FILE = YES;
				INFOPLIST_KEY_NSHumanReadableCopyright = "";
				INSTALL_PATH = "$(LOCAL_LIBRARY_DIR)/Frameworks";
				LD_RUNPATH_SEARCH_PATHS = (
					"$(inherited)",
					"@executable_path/Frameworks",
					"@loader_path/Frameworks",
				);
				MARKETING_VERSION = 1.0;
				PRODUCT_BUNDLE_IDENTIFIER = RiuHDuo.PrettyAxis.PrettyAxis;
				PRODUCT_NAME = "$(TARGET_NAME:c99extidentifier)";
				SKIP_INSTALL = YES;
				SWIFT_EMIT_LOC_STRINGS = YES;
				SWIFT_VERSION = 5.0;
				TARGETED_DEVICE_FAMILY = "1,2";
			};
			name = Release;
		};
		583867182815296800A1B402 /* Debug */ = {
			isa = XCBuildConfiguration;
			buildSettings = {
				ALWAYS_EMBED_SWIFT_STANDARD_LIBRARIES = YES;
				CODE_SIGN_STYLE = Automatic;
				CURRENT_PROJECT_VERSION = 1;
				GENERATE_INFOPLIST_FILE = YES;
				MARKETING_VERSION = 1.0;
				PRODUCT_BUNDLE_IDENTIFIER = RiuHDuo.PrettyAxis.PrettyAxisTests;
				PRODUCT_NAME = "$(TARGET_NAME)";
				SWIFT_EMIT_LOC_STRINGS = NO;
				SWIFT_VERSION = 5.0;
				TARGETED_DEVICE_FAMILY = "1,2";
			};
			name = Debug;
		};
		583867192815296800A1B402 /* Release */ = {
			isa = XCBuildConfiguration;
			buildSettings = {
				ALWAYS_EMBED_SWIFT_STANDARD_LIBRARIES = YES;
				CODE_SIGN_STYLE = Automatic;
				CURRENT_PROJECT_VERSION = 1;
				GENERATE_INFOPLIST_FILE = YES;
				MARKETING_VERSION = 1.0;
				PRODUCT_BUNDLE_IDENTIFIER = RiuHDuo.PrettyAxis.PrettyAxisTests;
				PRODUCT_NAME = "$(TARGET_NAME)";
				SWIFT_EMIT_LOC_STRINGS = NO;
				SWIFT_VERSION = 5.0;
				TARGETED_DEVICE_FAMILY = "1,2";
			};
			name = Release;
		};
		58C97D8F2816745200285A2E /* Debug */ = {
			isa = XCBuildConfiguration;
			buildSettings = {
				CODE_SIGN_STYLE = Automatic;
				COMBINE_HIDPI_IMAGES = YES;
				CURRENT_PROJECT_VERSION = 1;
				DEFINES_MODULE = YES;
				DYLIB_COMPATIBILITY_VERSION = 1;
				DYLIB_CURRENT_VERSION = 1;
				DYLIB_INSTALL_NAME_BASE = "@rpath";
				GENERATE_INFOPLIST_FILE = YES;
				INFOPLIST_KEY_NSHumanReadableCopyright = "";
				INSTALL_PATH = "$(LOCAL_LIBRARY_DIR)/Frameworks";
				LD_RUNPATH_SEARCH_PATHS = (
					"$(inherited)",
					"@executable_path/../Frameworks",
					"@loader_path/Frameworks",
				);
				MACOSX_DEPLOYMENT_TARGET = 12.3;
				MARKETING_VERSION = 1.0;
				PRODUCT_BUNDLE_IDENTIFIER = "RiuHDuo.PrettyAxis.PrettyAxis-macOS";
				PRODUCT_NAME = PrettyAxis;
				SDKROOT = macosx;
				SKIP_INSTALL = YES;
				SWIFT_EMIT_LOC_STRINGS = YES;
				SWIFT_VERSION = 5.0;
			};
			name = Debug;
		};
		58C97D902816745200285A2E /* Release */ = {
			isa = XCBuildConfiguration;
			buildSettings = {
				CODE_SIGN_STYLE = Automatic;
				COMBINE_HIDPI_IMAGES = YES;
				CURRENT_PROJECT_VERSION = 1;
				DEFINES_MODULE = YES;
				DYLIB_COMPATIBILITY_VERSION = 1;
				DYLIB_CURRENT_VERSION = 1;
				DYLIB_INSTALL_NAME_BASE = "@rpath";
				GENERATE_INFOPLIST_FILE = YES;
				INFOPLIST_KEY_NSHumanReadableCopyright = "";
				INSTALL_PATH = "$(LOCAL_LIBRARY_DIR)/Frameworks";
				LD_RUNPATH_SEARCH_PATHS = (
					"$(inherited)",
					"@executable_path/../Frameworks",
					"@loader_path/Frameworks",
				);
				MACOSX_DEPLOYMENT_TARGET = 12.3;
				MARKETING_VERSION = 1.0;
				PRODUCT_BUNDLE_IDENTIFIER = "RiuHDuo.PrettyAxis.PrettyAxis-macOS";
				PRODUCT_NAME = PrettyAxis;
				SDKROOT = macosx;
				SKIP_INSTALL = YES;
				SWIFT_EMIT_LOC_STRINGS = YES;
				SWIFT_VERSION = 5.0;
			};
			name = Release;
		};
		58C97D922816745200285A2E /* Debug */ = {
			isa = XCBuildConfiguration;
			buildSettings = {
				ALWAYS_EMBED_SWIFT_STANDARD_LIBRARIES = YES;
				CODE_SIGN_STYLE = Automatic;
				CURRENT_PROJECT_VERSION = 1;
				GENERATE_INFOPLIST_FILE = YES;
				MACOSX_DEPLOYMENT_TARGET = 12.3;
				MARKETING_VERSION = 1.0;
				PRODUCT_BUNDLE_IDENTIFIER = "RiuHDuo.PrettyAxis.PrettyAxis-macOSTests";
				PRODUCT_NAME = "$(TARGET_NAME)";
				SDKROOT = macosx;
				SWIFT_EMIT_LOC_STRINGS = NO;
				SWIFT_VERSION = 5.0;
				TEST_HOST = "$(BUILT_PRODUCTS_DIR)/Example.app/Contents/MacOS/Example";
			};
			name = Debug;
		};
		58C97D932816745200285A2E /* Release */ = {
			isa = XCBuildConfiguration;
			buildSettings = {
				ALWAYS_EMBED_SWIFT_STANDARD_LIBRARIES = YES;
				CODE_SIGN_STYLE = Automatic;
				CURRENT_PROJECT_VERSION = 1;
				GENERATE_INFOPLIST_FILE = YES;
				MACOSX_DEPLOYMENT_TARGET = 12.3;
				MARKETING_VERSION = 1.0;
				PRODUCT_BUNDLE_IDENTIFIER = "RiuHDuo.PrettyAxis.PrettyAxis-macOSTests";
				PRODUCT_NAME = "$(TARGET_NAME)";
				SDKROOT = macosx;
				SWIFT_EMIT_LOC_STRINGS = NO;
				SWIFT_VERSION = 5.0;
				TEST_HOST = "$(BUILT_PRODUCTS_DIR)/Example.app/Contents/MacOS/Example";
			};
			name = Release;
		};
		58F72CAD281673B400429712 /* Debug */ = {
			isa = XCBuildConfiguration;
			buildSettings = {
				ALWAYS_EMBED_SWIFT_STANDARD_LIBRARIES = YES;
				ASSETCATALOG_COMPILER_APPICON_NAME = AppIcon;
				ASSETCATALOG_COMPILER_GLOBAL_ACCENT_COLOR_NAME = AccentColor;
				CODE_SIGN_ENTITLEMENTS = Example/Example.entitlements;
				CODE_SIGN_STYLE = Automatic;
				COMBINE_HIDPI_IMAGES = YES;
				CURRENT_PROJECT_VERSION = 1;
				DEVELOPMENT_ASSET_PATHS = "\"Example/Preview Content\"";
				ENABLE_PREVIEWS = YES;
				GENERATE_INFOPLIST_FILE = YES;
				INFOPLIST_KEY_NSHumanReadableCopyright = "";
				LD_RUNPATH_SEARCH_PATHS = (
					"$(inherited)",
					"@executable_path/../Frameworks",
				);
				MACOSX_DEPLOYMENT_TARGET = 12.3;
				MARKETING_VERSION = 1.0;
				PRODUCT_BUNDLE_IDENTIFIER = RiuHDuo.PrettyAxis.Example;
				PRODUCT_NAME = "$(TARGET_NAME)";
				SDKROOT = macosx;
				SWIFT_EMIT_LOC_STRINGS = YES;
				SWIFT_VERSION = 5.0;
			};
			name = Debug;
		};
		58F72CAE281673B400429712 /* Release */ = {
			isa = XCBuildConfiguration;
			buildSettings = {
				ALWAYS_EMBED_SWIFT_STANDARD_LIBRARIES = YES;
				ASSETCATALOG_COMPILER_APPICON_NAME = AppIcon;
				ASSETCATALOG_COMPILER_GLOBAL_ACCENT_COLOR_NAME = AccentColor;
				CODE_SIGN_ENTITLEMENTS = Example/Example.entitlements;
				CODE_SIGN_STYLE = Automatic;
				COMBINE_HIDPI_IMAGES = YES;
				CURRENT_PROJECT_VERSION = 1;
				DEVELOPMENT_ASSET_PATHS = "\"Example/Preview Content\"";
				ENABLE_PREVIEWS = YES;
				GENERATE_INFOPLIST_FILE = YES;
				INFOPLIST_KEY_NSHumanReadableCopyright = "";
				LD_RUNPATH_SEARCH_PATHS = (
					"$(inherited)",
					"@executable_path/../Frameworks",
				);
				MACOSX_DEPLOYMENT_TARGET = 12.3;
				MARKETING_VERSION = 1.0;
				PRODUCT_BUNDLE_IDENTIFIER = RiuHDuo.PrettyAxis.Example;
				PRODUCT_NAME = "$(TARGET_NAME)";
				SDKROOT = macosx;
				SWIFT_EMIT_LOC_STRINGS = YES;
				SWIFT_VERSION = 5.0;
			};
			name = Release;
		};
		58F72CB0281673B400429712 /* Debug */ = {
			isa = XCBuildConfiguration;
			buildSettings = {
				ALWAYS_EMBED_SWIFT_STANDARD_LIBRARIES = YES;
				BUNDLE_LOADER = "$(TEST_HOST)";
				CODE_SIGN_STYLE = Automatic;
				CURRENT_PROJECT_VERSION = 1;
				GENERATE_INFOPLIST_FILE = YES;
				MACOSX_DEPLOYMENT_TARGET = 12.3;
				MARKETING_VERSION = 1.0;
				PRODUCT_BUNDLE_IDENTIFIER = RiuHDuo.PrettyAxis.ExampleTests;
				PRODUCT_NAME = "$(TARGET_NAME)";
				SDKROOT = macosx;
				SWIFT_EMIT_LOC_STRINGS = NO;
				SWIFT_VERSION = 5.0;
				TEST_HOST = "$(BUILT_PRODUCTS_DIR)/Example.app/Contents/MacOS/Example";
			};
			name = Debug;
		};
		58F72CB1281673B400429712 /* Release */ = {
			isa = XCBuildConfiguration;
			buildSettings = {
				ALWAYS_EMBED_SWIFT_STANDARD_LIBRARIES = YES;
				BUNDLE_LOADER = "$(TEST_HOST)";
				CODE_SIGN_STYLE = Automatic;
				CURRENT_PROJECT_VERSION = 1;
				GENERATE_INFOPLIST_FILE = YES;
				MACOSX_DEPLOYMENT_TARGET = 12.3;
				MARKETING_VERSION = 1.0;
				PRODUCT_BUNDLE_IDENTIFIER = RiuHDuo.PrettyAxis.ExampleTests;
				PRODUCT_NAME = "$(TARGET_NAME)";
				SDKROOT = macosx;
				SWIFT_EMIT_LOC_STRINGS = NO;
				SWIFT_VERSION = 5.0;
				TEST_HOST = "$(BUILT_PRODUCTS_DIR)/Example.app/Contents/MacOS/Example";
			};
			name = Release;
		};
		58F72CB3281673B400429712 /* Debug */ = {
			isa = XCBuildConfiguration;
			buildSettings = {
				ALWAYS_EMBED_SWIFT_STANDARD_LIBRARIES = YES;
				CODE_SIGN_STYLE = Automatic;
				CURRENT_PROJECT_VERSION = 1;
				GENERATE_INFOPLIST_FILE = YES;
				MACOSX_DEPLOYMENT_TARGET = 12.3;
				MARKETING_VERSION = 1.0;
				PRODUCT_BUNDLE_IDENTIFIER = RiuHDuo.PrettyAxis.ExampleUITests;
				PRODUCT_NAME = "$(TARGET_NAME)";
				SDKROOT = macosx;
				SWIFT_EMIT_LOC_STRINGS = NO;
				SWIFT_VERSION = 5.0;
				TEST_TARGET_NAME = Example;
			};
			name = Debug;
		};
		58F72CB4281673B400429712 /* Release */ = {
			isa = XCBuildConfiguration;
			buildSettings = {
				ALWAYS_EMBED_SWIFT_STANDARD_LIBRARIES = YES;
				CODE_SIGN_STYLE = Automatic;
				CURRENT_PROJECT_VERSION = 1;
				GENERATE_INFOPLIST_FILE = YES;
				MACOSX_DEPLOYMENT_TARGET = 12.3;
				MARKETING_VERSION = 1.0;
				PRODUCT_BUNDLE_IDENTIFIER = RiuHDuo.PrettyAxis.ExampleUITests;
				PRODUCT_NAME = "$(TARGET_NAME)";
				SDKROOT = macosx;
				SWIFT_EMIT_LOC_STRINGS = NO;
				SWIFT_VERSION = 5.0;
				TEST_TARGET_NAME = Example;
			};
			name = Release;
		};
/* End XCBuildConfiguration section */

/* Begin XCConfigurationList section */
		583866FA2815296800A1B402 /* Build configuration list for PBXProject "PrettyAxis" */ = {
			isa = XCConfigurationList;
			buildConfigurations = (
				583867122815296800A1B402 /* Debug */,
				583867132815296800A1B402 /* Release */,
			);
			defaultConfigurationIsVisible = 0;
			defaultConfigurationName = Release;
		};
		583867142815296800A1B402 /* Build configuration list for PBXNativeTarget "PrettyAxis" */ = {
			isa = XCConfigurationList;
			buildConfigurations = (
				583867152815296800A1B402 /* Debug */,
				583867162815296800A1B402 /* Release */,
			);
			defaultConfigurationIsVisible = 0;
			defaultConfigurationName = Release;
		};
		583867172815296800A1B402 /* Build configuration list for PBXNativeTarget "PrettyAxisTests" */ = {
			isa = XCConfigurationList;
			buildConfigurations = (
				583867182815296800A1B402 /* Debug */,
				583867192815296800A1B402 /* Release */,
			);
			defaultConfigurationIsVisible = 0;
			defaultConfigurationName = Release;
		};
		58C97D8E2816745200285A2E /* Build configuration list for PBXNativeTarget "PrettyAxis-macOS" */ = {
			isa = XCConfigurationList;
			buildConfigurations = (
				58C97D8F2816745200285A2E /* Debug */,
				58C97D902816745200285A2E /* Release */,
			);
			defaultConfigurationIsVisible = 0;
			defaultConfigurationName = Release;
		};
		58C97D912816745200285A2E /* Build configuration list for PBXNativeTarget "PrettyAxis-macOSTests" */ = {
			isa = XCConfigurationList;
			buildConfigurations = (
				58C97D922816745200285A2E /* Debug */,
				58C97D932816745200285A2E /* Release */,
			);
			defaultConfigurationIsVisible = 0;
			defaultConfigurationName = Release;
		};
		58F72CAC281673B400429712 /* Build configuration list for PBXNativeTarget "Example" */ = {
			isa = XCConfigurationList;
			buildConfigurations = (
				58F72CAD281673B400429712 /* Debug */,
				58F72CAE281673B400429712 /* Release */,
			);
			defaultConfigurationIsVisible = 0;
			defaultConfigurationName = Release;
		};
		58F72CAF281673B400429712 /* Build configuration list for PBXNativeTarget "ExampleTests" */ = {
			isa = XCConfigurationList;
			buildConfigurations = (
				58F72CB0281673B400429712 /* Debug */,
				58F72CB1281673B400429712 /* Release */,
			);
			defaultConfigurationIsVisible = 0;
			defaultConfigurationName = Release;
		};
		58F72CB2281673B400429712 /* Build configuration list for PBXNativeTarget "ExampleUITests" */ = {
			isa = XCConfigurationList;
			buildConfigurations = (
				58F72CB3281673B400429712 /* Debug */,
				58F72CB4281673B400429712 /* Release */,
			);
			defaultConfigurationIsVisible = 0;
			defaultConfigurationName = Release;
		};
/* End XCConfigurationList section */
	};
	rootObject = 583866F72815296800A1B402 /* Project object */;
}
